// !$*UTF8*$!
{
	archiveVersion = 1;
	classes = {
	};
	objectVersion = 55;
	objects = {

/* Begin PBXBuildFile section */
		3A124ABC28DA037500D0EAA1 /* SpotTodayWeatherCollectionViewCell.swift in Sources */ = {isa = PBXBuildFile; fileRef = 3A124ABB28DA037500D0EAA1 /* SpotTodayWeatherCollectionViewCell.swift */; };
		3A124ABE28DA04A300D0EAA1 /* SpotTodayWeatherCollectionView.swift in Sources */ = {isa = PBXBuildFile; fileRef = 3A124ABD28DA04A300D0EAA1 /* SpotTodayWeatherCollectionView.swift */; };
		3A4A81F928EDB47600D1FA20 /* SpotWeatherAPIInfoView.swift in Sources */ = {isa = PBXBuildFile; fileRef = 3A4A81F828EDB47600D1FA20 /* SpotWeatherAPIInfoView.swift */; };
		3A4A81FD28EEF86800D1FA20 /* Private.plist in Resources */ = {isa = PBXBuildFile; fileRef = 3A4A81FC28EEF86800D1FA20 /* Private.plist */; };
		3A5E18F328E4570000CBEDE3 /* UILabel+CopyLabelText.swift in Sources */ = {isa = PBXBuildFile; fileRef = 3A5E18F228E4570000CBEDE3 /* UILabel+CopyLabelText.swift */; };
		3A5E18F528E8A8A000CBEDE3 /* UIDevice+DeviceCheck.swift in Sources */ = {isa = PBXBuildFile; fileRef = 3A5E18F428E8A89F00CBEDE3 /* UIDevice+DeviceCheck.swift */; };
		3A7E3BDA28D739CF00F6416A /* SnapKit in Frameworks */ = {isa = PBXBuildFile; productRef = 3A7E3BD928D739CF00F6416A /* SnapKit */; };
		3A7E3BDF28D748B000F6416A /* BbajiInfo.swift in Sources */ = {isa = PBXBuildFile; fileRef = 3A7E3BDE28D748B000F6416A /* BbajiInfo.swift */; };
		3A7E3BE328D7663300F6416A /* BbajiSpotViewController.swift in Sources */ = {isa = PBXBuildFile; fileRef = 3A7E3BE228D7663300F6416A /* BbajiSpotViewController.swift */; };
		3A7E3BE528D766D700F6416A /* SpotLiveCameraView.swift in Sources */ = {isa = PBXBuildFile; fileRef = 3A7E3BE428D766D700F6416A /* SpotLiveCameraView.swift */; };
		3A7E3BE728D766EC00F6416A /* SpotWeatherInfoView.swift in Sources */ = {isa = PBXBuildFile; fileRef = 3A7E3BE628D766EC00F6416A /* SpotWeatherInfoView.swift */; };
		3A7E3BE928D7670000F6416A /* SpotInfoView.swift in Sources */ = {isa = PBXBuildFile; fileRef = 3A7E3BE828D7670000F6416A /* SpotInfoView.swift */; };
		3AA636E129B390B6006BB5EF /* SpotLiveCameraControlView.swift in Sources */ = {isa = PBXBuildFile; fileRef = 3AA636E029B390B6006BB5EF /* SpotLiveCameraControlView.swift */; };
		3AA636E329B390EE006BB5EF /* ScreenSizeControlButton.swift in Sources */ = {isa = PBXBuildFile; fileRef = 3AA636E229B390EE006BB5EF /* ScreenSizeControlButton.swift */; };
		3AA636E529B391FF006BB5EF /* LiveMarkView.swift in Sources */ = {isa = PBXBuildFile; fileRef = 3AA636E429B391FF006BB5EF /* LiveMarkView.swift */; };
		3AA636E729B4C8CA006BB5EF /* SpotLiveCameraGradientView.swift in Sources */ = {isa = PBXBuildFile; fileRef = 3AA636E629B4C8CA006BB5EF /* SpotLiveCameraGradientView.swift */; };
		3AD87FB228D892D300ABD2E4 /* IconAndLabelView.swift in Sources */ = {isa = PBXBuildFile; fileRef = 3AD87FB128D892D300ABD2E4 /* IconAndLabelView.swift */; };
		42600D5928EF200B00D114BC /* Private.plist in Resources */ = {isa = PBXBuildFile; fileRef = 42600D5828EF200B00D114BC /* Private.plist */; };
		42600D5B28EF201D00D114BC /* APIKey.swift in Sources */ = {isa = PBXBuildFile; fileRef = 42600D5A28EF201D00D114BC /* APIKey.swift */; };
		42600D5F28EF322500D114BC /* Settings.bundle in Resources */ = {isa = PBXBuildFile; fileRef = 42600D5E28EF322500D114BC /* Settings.bundle */; };
		553F0F6D28DCE2BA00FD9CDA /* CGFloat+Constraints.swift in Sources */ = {isa = PBXBuildFile; fileRef = 553F0F6C28DCE2BA00FD9CDA /* CGFloat+Constraints.swift */; };
		553F0F7D28E20DD600FD9CDA /* esamanru OTF Bold.otf in Resources */ = {isa = PBXBuildFile; fileRef = 553F0F7C28E20DCB00FD9CDA /* esamanru OTF Bold.otf */; };
		553F0F7E28E20DD800FD9CDA /* esamanru OTF Light.otf in Resources */ = {isa = PBXBuildFile; fileRef = 553F0F7A28E20DCB00FD9CDA /* esamanru OTF Light.otf */; };
		553F0F7F28E20DDA00FD9CDA /* esamanru OTF Medium.otf in Resources */ = {isa = PBXBuildFile; fileRef = 553F0F7B28E20DCB00FD9CDA /* esamanru OTF Medium.otf */; };
		553F0F8228E2100000FD9CDA /* UIFont+CustomFont.swift in Sources */ = {isa = PBXBuildFile; fileRef = 553F0F8128E2100000FD9CDA /* UIFont+CustomFont.swift */; };
		553F0F8C28E212B300FD9CDA /* Pretendard-Regular.otf in Resources */ = {isa = PBXBuildFile; fileRef = 553F0F8328E212B300FD9CDA /* Pretendard-Regular.otf */; };
		553F0F8D28E212B300FD9CDA /* Pretendard-SemiBold.otf in Resources */ = {isa = PBXBuildFile; fileRef = 553F0F8428E212B300FD9CDA /* Pretendard-SemiBold.otf */; };
		553F0F8E28E212B300FD9CDA /* Pretendard-Thin.otf in Resources */ = {isa = PBXBuildFile; fileRef = 553F0F8528E212B300FD9CDA /* Pretendard-Thin.otf */; };
		553F0F8F28E212B300FD9CDA /* Pretendard-Light.otf in Resources */ = {isa = PBXBuildFile; fileRef = 553F0F8628E212B300FD9CDA /* Pretendard-Light.otf */; };
		553F0F9028E212B300FD9CDA /* Pretendard-Black.otf in Resources */ = {isa = PBXBuildFile; fileRef = 553F0F8728E212B300FD9CDA /* Pretendard-Black.otf */; };
		553F0F9128E212B300FD9CDA /* Pretendard-Medium.otf in Resources */ = {isa = PBXBuildFile; fileRef = 553F0F8828E212B300FD9CDA /* Pretendard-Medium.otf */; };
		553F0F9228E212B300FD9CDA /* Pretendard-Bold.otf in Resources */ = {isa = PBXBuildFile; fileRef = 553F0F8928E212B300FD9CDA /* Pretendard-Bold.otf */; };
		553F0F9328E212B300FD9CDA /* Pretendard-ExtraBold.otf in Resources */ = {isa = PBXBuildFile; fileRef = 553F0F8A28E212B300FD9CDA /* Pretendard-ExtraBold.otf */; };
		553F0F9428E212B300FD9CDA /* Pretendard-ExtraLight.otf in Resources */ = {isa = PBXBuildFile; fileRef = 553F0F8B28E212B300FD9CDA /* Pretendard-ExtraLight.otf */; };
		553F0F9828E49DC200FD9CDA /* BbajiTitleView.swift in Sources */ = {isa = PBXBuildFile; fileRef = 553F0F9728E49DC200FD9CDA /* BbajiTitleView.swift */; };
		553F0F9A28E49DF800FD9CDA /* BbajiListView.swift in Sources */ = {isa = PBXBuildFile; fileRef = 553F0F9928E49DF800FD9CDA /* BbajiListView.swift */; };
		553F0F9D28E4AD7500FD9CDA /* BbajiListCollectionView.swift in Sources */ = {isa = PBXBuildFile; fileRef = 553F0F9C28E4AD7500FD9CDA /* BbajiListCollectionView.swift */; };
		553F0F9F28E4AEA300FD9CDA /* BbajiListCollectionViewCell.swift in Sources */ = {isa = PBXBuildFile; fileRef = 553F0F9E28E4AEA300FD9CDA /* BbajiListCollectionViewCell.swift */; };
		553F0FA128E4C58600FD9CDA /* ShadowGradientView.swift in Sources */ = {isa = PBXBuildFile; fileRef = 553F0FA028E4C58600FD9CDA /* ShadowGradientView.swift */; };
		553F0FA328E4D5AA00FD9CDA /* PreviewView.swift in Sources */ = {isa = PBXBuildFile; fileRef = 553F0FA228E4D5AA00FD9CDA /* PreviewView.swift */; };
		553F0FA528E9D4AE00FD9CDA /* APIKey.swift in Sources */ = {isa = PBXBuildFile; fileRef = 553F0FA428E9D4AE00FD9CDA /* APIKey.swift */; };
		553F0FA728E9E11E00FD9CDA /* Weather.swift in Sources */ = {isa = PBXBuildFile; fileRef = 553F0FA628E9E11E00FD9CDA /* Weather.swift */; };
		553F0FA928E9E80D00FD9CDA /* WeatherManager.swift in Sources */ = {isa = PBXBuildFile; fileRef = 553F0FA828E9E80D00FD9CDA /* WeatherManager.swift */; };
		558CECEA28DC64EF00AFCF50 /* UIColor+CustomColor.swift in Sources */ = {isa = PBXBuildFile; fileRef = 558CECE928DC64EF00AFCF50 /* UIColor+CustomColor.swift */; };
		55CB0AA828BA4F9F0045644C /* AppDelegate.swift in Sources */ = {isa = PBXBuildFile; fileRef = 55CB0AA728BA4F9F0045644C /* AppDelegate.swift */; };
		55CB0AAA28BA4F9F0045644C /* SceneDelegate.swift in Sources */ = {isa = PBXBuildFile; fileRef = 55CB0AA928BA4F9F0045644C /* SceneDelegate.swift */; };
		55CB0AB128BA4FA10045644C /* Assets.xcassets in Resources */ = {isa = PBXBuildFile; fileRef = 55CB0AB028BA4FA10045644C /* Assets.xcassets */; };
		55CB0AB428BA4FA10045644C /* LaunchScreen.storyboard in Resources */ = {isa = PBXBuildFile; fileRef = 55CB0AB228BA4FA10045644C /* LaunchScreen.storyboard */; };
		55CB0ABC28BB41C60045644C /* BbajiHomeViewController.swift in Sources */ = {isa = PBXBuildFile; fileRef = 55CB0ABB28BB41C60045644C /* BbajiHomeViewController.swift */; };
/* End PBXBuildFile section */

/* Begin PBXFileReference section */
		3A124ABB28DA037500D0EAA1 /* SpotTodayWeatherCollectionViewCell.swift */ = {isa = PBXFileReference; lastKnownFileType = sourcecode.swift; path = SpotTodayWeatherCollectionViewCell.swift; sourceTree = "<group>"; };
		3A124ABD28DA04A300D0EAA1 /* SpotTodayWeatherCollectionView.swift */ = {isa = PBXFileReference; lastKnownFileType = sourcecode.swift; path = SpotTodayWeatherCollectionView.swift; sourceTree = "<group>"; };
		3A4A81F828EDB47600D1FA20 /* SpotWeatherAPIInfoView.swift */ = {isa = PBXFileReference; lastKnownFileType = sourcecode.swift; path = SpotWeatherAPIInfoView.swift; sourceTree = "<group>"; };
		3A4A81FC28EEF86800D1FA20 /* Private.plist */ = {isa = PBXFileReference; fileEncoding = 4; lastKnownFileType = text.plist.xml; path = Private.plist; sourceTree = "<group>"; };
		3A5E18F228E4570000CBEDE3 /* UILabel+CopyLabelText.swift */ = {isa = PBXFileReference; lastKnownFileType = sourcecode.swift; path = "UILabel+CopyLabelText.swift"; sourceTree = "<group>"; };
		3A5E18F428E8A89F00CBEDE3 /* UIDevice+DeviceCheck.swift */ = {isa = PBXFileReference; lastKnownFileType = sourcecode.swift; path = "UIDevice+DeviceCheck.swift"; sourceTree = "<group>"; };
		3A7E3BDE28D748B000F6416A /* BbajiInfo.swift */ = {isa = PBXFileReference; lastKnownFileType = sourcecode.swift; path = BbajiInfo.swift; sourceTree = "<group>"; };
		3A7E3BE228D7663300F6416A /* BbajiSpotViewController.swift */ = {isa = PBXFileReference; lastKnownFileType = sourcecode.swift; path = BbajiSpotViewController.swift; sourceTree = "<group>"; };
		3A7E3BE428D766D700F6416A /* SpotLiveCameraView.swift */ = {isa = PBXFileReference; lastKnownFileType = sourcecode.swift; path = SpotLiveCameraView.swift; sourceTree = "<group>"; };
		3A7E3BE628D766EC00F6416A /* SpotWeatherInfoView.swift */ = {isa = PBXFileReference; lastKnownFileType = sourcecode.swift; path = SpotWeatherInfoView.swift; sourceTree = "<group>"; };
		3A7E3BE828D7670000F6416A /* SpotInfoView.swift */ = {isa = PBXFileReference; lastKnownFileType = sourcecode.swift; path = SpotInfoView.swift; sourceTree = "<group>"; };
		3AA636E029B390B6006BB5EF /* SpotLiveCameraControlView.swift */ = {isa = PBXFileReference; lastKnownFileType = sourcecode.swift; path = SpotLiveCameraControlView.swift; sourceTree = "<group>"; };
		3AA636E229B390EE006BB5EF /* ScreenSizeControlButton.swift */ = {isa = PBXFileReference; lastKnownFileType = sourcecode.swift; path = ScreenSizeControlButton.swift; sourceTree = "<group>"; };
		3AA636E429B391FF006BB5EF /* LiveMarkView.swift */ = {isa = PBXFileReference; lastKnownFileType = sourcecode.swift; path = LiveMarkView.swift; sourceTree = "<group>"; };
		3AA636E629B4C8CA006BB5EF /* SpotLiveCameraGradientView.swift */ = {isa = PBXFileReference; lastKnownFileType = sourcecode.swift; path = SpotLiveCameraGradientView.swift; sourceTree = "<group>"; };
		3AD87FB128D892D300ABD2E4 /* IconAndLabelView.swift */ = {isa = PBXFileReference; lastKnownFileType = sourcecode.swift; path = IconAndLabelView.swift; sourceTree = "<group>"; };
		42600D5828EF200B00D114BC /* Private.plist */ = {isa = PBXFileReference; fileEncoding = 4; lastKnownFileType = text.plist.xml; path = Private.plist; sourceTree = "<group>"; };
		42600D5A28EF201D00D114BC /* APIKey.swift */ = {isa = PBXFileReference; lastKnownFileType = sourcecode.swift; path = APIKey.swift; sourceTree = "<group>"; };
		42600D5E28EF322500D114BC /* Settings.bundle */ = {isa = PBXFileReference; lastKnownFileType = "wrapper.plug-in"; path = Settings.bundle; sourceTree = "<group>"; };
		553F0F6C28DCE2BA00FD9CDA /* CGFloat+Constraints.swift */ = {isa = PBXFileReference; lastKnownFileType = sourcecode.swift; path = "CGFloat+Constraints.swift"; sourceTree = "<group>"; };
		553F0F7A28E20DCB00FD9CDA /* esamanru OTF Light.otf */ = {isa = PBXFileReference; lastKnownFileType = file; path = "esamanru OTF Light.otf"; sourceTree = "<group>"; };
		553F0F7B28E20DCB00FD9CDA /* esamanru OTF Medium.otf */ = {isa = PBXFileReference; lastKnownFileType = file; path = "esamanru OTF Medium.otf"; sourceTree = "<group>"; };
		553F0F7C28E20DCB00FD9CDA /* esamanru OTF Bold.otf */ = {isa = PBXFileReference; lastKnownFileType = file; path = "esamanru OTF Bold.otf"; sourceTree = "<group>"; };
		553F0F8128E2100000FD9CDA /* UIFont+CustomFont.swift */ = {isa = PBXFileReference; lastKnownFileType = sourcecode.swift; path = "UIFont+CustomFont.swift"; sourceTree = "<group>"; };
		553F0F8328E212B300FD9CDA /* Pretendard-Regular.otf */ = {isa = PBXFileReference; lastKnownFileType = file; path = "Pretendard-Regular.otf"; sourceTree = "<group>"; };
		553F0F8428E212B300FD9CDA /* Pretendard-SemiBold.otf */ = {isa = PBXFileReference; lastKnownFileType = file; path = "Pretendard-SemiBold.otf"; sourceTree = "<group>"; };
		553F0F8528E212B300FD9CDA /* Pretendard-Thin.otf */ = {isa = PBXFileReference; lastKnownFileType = file; path = "Pretendard-Thin.otf"; sourceTree = "<group>"; };
		553F0F8628E212B300FD9CDA /* Pretendard-Light.otf */ = {isa = PBXFileReference; lastKnownFileType = file; path = "Pretendard-Light.otf"; sourceTree = "<group>"; };
		553F0F8728E212B300FD9CDA /* Pretendard-Black.otf */ = {isa = PBXFileReference; lastKnownFileType = file; path = "Pretendard-Black.otf"; sourceTree = "<group>"; };
		553F0F8828E212B300FD9CDA /* Pretendard-Medium.otf */ = {isa = PBXFileReference; lastKnownFileType = file; path = "Pretendard-Medium.otf"; sourceTree = "<group>"; };
		553F0F8928E212B300FD9CDA /* Pretendard-Bold.otf */ = {isa = PBXFileReference; lastKnownFileType = file; path = "Pretendard-Bold.otf"; sourceTree = "<group>"; };
		553F0F8A28E212B300FD9CDA /* Pretendard-ExtraBold.otf */ = {isa = PBXFileReference; lastKnownFileType = file; path = "Pretendard-ExtraBold.otf"; sourceTree = "<group>"; };
		553F0F8B28E212B300FD9CDA /* Pretendard-ExtraLight.otf */ = {isa = PBXFileReference; lastKnownFileType = file; path = "Pretendard-ExtraLight.otf"; sourceTree = "<group>"; };
		553F0F9728E49DC200FD9CDA /* BbajiTitleView.swift */ = {isa = PBXFileReference; lastKnownFileType = sourcecode.swift; path = BbajiTitleView.swift; sourceTree = "<group>"; };
		553F0F9928E49DF800FD9CDA /* BbajiListView.swift */ = {isa = PBXFileReference; lastKnownFileType = sourcecode.swift; path = BbajiListView.swift; sourceTree = "<group>"; };
		553F0F9C28E4AD7500FD9CDA /* BbajiListCollectionView.swift */ = {isa = PBXFileReference; lastKnownFileType = sourcecode.swift; path = BbajiListCollectionView.swift; sourceTree = "<group>"; };
		553F0F9E28E4AEA300FD9CDA /* BbajiListCollectionViewCell.swift */ = {isa = PBXFileReference; lastKnownFileType = sourcecode.swift; path = BbajiListCollectionViewCell.swift; sourceTree = "<group>"; };
		553F0FA028E4C58600FD9CDA /* ShadowGradientView.swift */ = {isa = PBXFileReference; lastKnownFileType = sourcecode.swift; path = ShadowGradientView.swift; sourceTree = "<group>"; };
		553F0FA228E4D5AA00FD9CDA /* PreviewView.swift */ = {isa = PBXFileReference; lastKnownFileType = sourcecode.swift; path = PreviewView.swift; sourceTree = "<group>"; };
		553F0FA428E9D4AE00FD9CDA /* APIKey.swift */ = {isa = PBXFileReference; lastKnownFileType = sourcecode.swift; path = APIKey.swift; sourceTree = "<group>"; };
		553F0FA628E9E11E00FD9CDA /* Weather.swift */ = {isa = PBXFileReference; lastKnownFileType = sourcecode.swift; path = Weather.swift; sourceTree = "<group>"; };
		553F0FA828E9E80D00FD9CDA /* WeatherManager.swift */ = {isa = PBXFileReference; lastKnownFileType = sourcecode.swift; path = WeatherManager.swift; sourceTree = "<group>"; };
		558CECE928DC64EF00AFCF50 /* UIColor+CustomColor.swift */ = {isa = PBXFileReference; lastKnownFileType = sourcecode.swift; path = "UIColor+CustomColor.swift"; sourceTree = "<group>"; };
		55CB0AA428BA4F9F0045644C /* BJGG.app */ = {isa = PBXFileReference; explicitFileType = wrapper.application; includeInIndex = 0; path = BJGG.app; sourceTree = BUILT_PRODUCTS_DIR; };
		55CB0AA728BA4F9F0045644C /* AppDelegate.swift */ = {isa = PBXFileReference; lastKnownFileType = sourcecode.swift; path = AppDelegate.swift; sourceTree = "<group>"; };
		55CB0AA928BA4F9F0045644C /* SceneDelegate.swift */ = {isa = PBXFileReference; lastKnownFileType = sourcecode.swift; path = SceneDelegate.swift; sourceTree = "<group>"; };
		55CB0AB028BA4FA10045644C /* Assets.xcassets */ = {isa = PBXFileReference; lastKnownFileType = folder.assetcatalog; path = Assets.xcassets; sourceTree = "<group>"; };
		55CB0AB328BA4FA10045644C /* Base */ = {isa = PBXFileReference; lastKnownFileType = file.storyboard; name = Base; path = Base.lproj/LaunchScreen.storyboard; sourceTree = "<group>"; };
		55CB0AB528BA4FA10045644C /* Info.plist */ = {isa = PBXFileReference; lastKnownFileType = text.plist.xml; path = Info.plist; sourceTree = "<group>"; };
		55CB0ABB28BB41C60045644C /* BbajiHomeViewController.swift */ = {isa = PBXFileReference; lastKnownFileType = sourcecode.swift; path = BbajiHomeViewController.swift; sourceTree = "<group>"; };
/* End PBXFileReference section */

/* Begin PBXFrameworksBuildPhase section */
		55CB0AA128BA4F9F0045644C /* Frameworks */ = {
			isa = PBXFrameworksBuildPhase;
			buildActionMask = 2147483647;
			files = (
				3A7E3BDA28D739CF00F6416A /* SnapKit in Frameworks */,
			);
			runOnlyForDeploymentPostprocessing = 0;
		};
/* End PBXFrameworksBuildPhase section */

/* Begin PBXGroup section */
		3A7E3BDB28D7427E00F6416A /* Model */ = {
			isa = PBXGroup;
			children = (
				3A7E3BDE28D748B000F6416A /* BbajiInfo.swift */,
				553F0FA628E9E11E00FD9CDA /* Weather.swift */,
				553F0FA828E9E80D00FD9CDA /* WeatherManager.swift */,
			);
			path = Model;
			sourceTree = "<group>";
		};
		3A7E3BE028D7657800F6416A /* BbajiSpot */ = {
			isa = PBXGroup;
			children = (
				3A7E3BE128D765B500F6416A /* UI Component */,
				3A7E3BE228D7663300F6416A /* BbajiSpotViewController.swift */,
			);
			path = BbajiSpot;
			sourceTree = "<group>";
		};
		3A7E3BE128D765B500F6416A /* UI Component */ = {
			isa = PBXGroup;
			children = (
				3A7E3BE428D766D700F6416A /* SpotLiveCameraView.swift */,
				3AA636E029B390B6006BB5EF /* SpotLiveCameraControlView.swift */,
				3AA636E629B4C8CA006BB5EF /* SpotLiveCameraGradientView.swift */,
				3AA636E229B390EE006BB5EF /* ScreenSizeControlButton.swift */,
				3AA636E429B391FF006BB5EF /* LiveMarkView.swift */,
				3A7E3BE828D7670000F6416A /* SpotInfoView.swift */,
				3AD87FB128D892D300ABD2E4 /* IconAndLabelView.swift */,
				3A7E3BE628D766EC00F6416A /* SpotWeatherInfoView.swift */,
				3A4A81F828EDB47600D1FA20 /* SpotWeatherAPIInfoView.swift */,
				3A124ABD28DA04A300D0EAA1 /* SpotTodayWeatherCollectionView.swift */,
				3A124ABB28DA037500D0EAA1 /* SpotTodayWeatherCollectionViewCell.swift */,
			);
			path = "UI Component";
			sourceTree = "<group>";
		};
		553F0F6E28E2090300FD9CDA /* Fonts */ = {
			isa = PBXGroup;
			children = (
				553F0F9528E2144600FD9CDA /* Pretendard */,
				553F0F8028E20E7000FD9CDA /* EsamanruOTF */,
			);
			path = Fonts;
			sourceTree = "<group>";
		};
		553F0F8028E20E7000FD9CDA /* EsamanruOTF */ = {
			isa = PBXGroup;
			children = (
				553F0F7C28E20DCB00FD9CDA /* esamanru OTF Bold.otf */,
				553F0F7A28E20DCB00FD9CDA /* esamanru OTF Light.otf */,
				553F0F7B28E20DCB00FD9CDA /* esamanru OTF Medium.otf */,
			);
			path = EsamanruOTF;
			sourceTree = "<group>";
		};
		553F0F9528E2144600FD9CDA /* Pretendard */ = {
			isa = PBXGroup;
			children = (
				553F0F8728E212B300FD9CDA /* Pretendard-Black.otf */,
				553F0F8928E212B300FD9CDA /* Pretendard-Bold.otf */,
				553F0F8A28E212B300FD9CDA /* Pretendard-ExtraBold.otf */,
				553F0F8B28E212B300FD9CDA /* Pretendard-ExtraLight.otf */,
				553F0F8628E212B300FD9CDA /* Pretendard-Light.otf */,
				553F0F8828E212B300FD9CDA /* Pretendard-Medium.otf */,
				553F0F8328E212B300FD9CDA /* Pretendard-Regular.otf */,
				553F0F8428E212B300FD9CDA /* Pretendard-SemiBold.otf */,
				553F0F8528E212B300FD9CDA /* Pretendard-Thin.otf */,
			);
			path = Pretendard;
			sourceTree = "<group>";
		};
		553F0F9628E49D7F00FD9CDA /* BbajiHome */ = {
			isa = PBXGroup;
			children = (
				553F0F9B28E49E2900FD9CDA /* UI Component */,
				55CB0ABB28BB41C60045644C /* BbajiHomeViewController.swift */,
			);
			path = BbajiHome;
			sourceTree = "<group>";
		};
		553F0F9B28E49E2900FD9CDA /* UI Component */ = {
			isa = PBXGroup;
			children = (
				553F0F9728E49DC200FD9CDA /* BbajiTitleView.swift */,
				553F0F9928E49DF800FD9CDA /* BbajiListView.swift */,
				553F0FA028E4C58600FD9CDA /* ShadowGradientView.swift */,
				553F0FA228E4D5AA00FD9CDA /* PreviewView.swift */,
				553F0F9C28E4AD7500FD9CDA /* BbajiListCollectionView.swift */,
				553F0F9E28E4AEA300FD9CDA /* BbajiListCollectionViewCell.swift */,
			);
			path = "UI Component";
			sourceTree = "<group>";
		};
		558CECEB28DC64FC00AFCF50 /* Extension */ = {
			isa = PBXGroup;
			children = (
				558CECE928DC64EF00AFCF50 /* UIColor+CustomColor.swift */,
				553F0F6C28DCE2BA00FD9CDA /* CGFloat+Constraints.swift */,
				553F0F8128E2100000FD9CDA /* UIFont+CustomFont.swift */,
				3A5E18F228E4570000CBEDE3 /* UILabel+CopyLabelText.swift */,
				3A5E18F428E8A89F00CBEDE3 /* UIDevice+DeviceCheck.swift */,
			);
			path = Extension;
			sourceTree = "<group>";
		};
		55CB0A9B28BA4F9F0045644C = {
			isa = PBXGroup;
			children = (
				42600D5E28EF322500D114BC /* Settings.bundle */,
				55CB0AA628BA4F9F0045644C /* BJGG */,
				55CB0AA528BA4F9F0045644C /* Products */,
			);
			sourceTree = "<group>";
		};
		55CB0AA528BA4F9F0045644C /* Products */ = {
			isa = PBXGroup;
			children = (
				55CB0AA428BA4F9F0045644C /* BJGG.app */,
			);
			name = Products;
			sourceTree = "<group>";
		};
		55CB0AA628BA4F9F0045644C /* BJGG */ = {
			isa = PBXGroup;
			children = (
				553F0F6E28E2090300FD9CDA /* Fonts */,
				558CECEB28DC64FC00AFCF50 /* Extension */,
				3A7E3BE028D7657800F6416A /* BbajiSpot */,
				553F0F9628E49D7F00FD9CDA /* BbajiHome */,
				3A7E3BDB28D7427E00F6416A /* Model */,
				55CB0AA728BA4F9F0045644C /* AppDelegate.swift */,
				55CB0AA928BA4F9F0045644C /* SceneDelegate.swift */,
				553F0FA428E9D4AE00FD9CDA /* APIKey.swift */,
				42600D5A28EF201D00D114BC /* APIKey.swift */,
				55CB0AB028BA4FA10045644C /* Assets.xcassets */,
				55CB0AB228BA4FA10045644C /* LaunchScreen.storyboard */,
				55CB0AB528BA4FA10045644C /* Info.plist */,
				42600D5828EF200B00D114BC /* Private.plist */,
				3A4A81FC28EEF86800D1FA20 /* Private.plist */,
			);
			path = BJGG;
			sourceTree = "<group>";
		};
/* End PBXGroup section */

/* Begin PBXNativeTarget section */
		55CB0AA328BA4F9F0045644C /* BJGG */ = {
			isa = PBXNativeTarget;
			buildConfigurationList = 55CB0AB828BA4FA10045644C /* Build configuration list for PBXNativeTarget "BJGG" */;
			buildPhases = (
				55CB0AA028BA4F9F0045644C /* Sources */,
				55CB0AA128BA4F9F0045644C /* Frameworks */,
				55CB0AA228BA4F9F0045644C /* Resources */,
			);
			buildRules = (
			);
			dependencies = (
			);
			name = BJGG;
			packageProductDependencies = (
				3A7E3BD928D739CF00F6416A /* SnapKit */,
			);
			productName = BJGG;
			productReference = 55CB0AA428BA4F9F0045644C /* BJGG.app */;
			productType = "com.apple.product-type.application";
		};
/* End PBXNativeTarget section */

/* Begin PBXProject section */
		55CB0A9C28BA4F9F0045644C /* Project object */ = {
			isa = PBXProject;
			attributes = {
				BuildIndependentTargetsInParallel = 1;
				LastSwiftUpdateCheck = 1340;
				LastUpgradeCheck = 1340;
				TargetAttributes = {
					55CB0AA328BA4F9F0045644C = {
						CreatedOnToolsVersion = 13.4.1;
					};
				};
			};
			buildConfigurationList = 55CB0A9F28BA4F9F0045644C /* Build configuration list for PBXProject "BJGG" */;
			compatibilityVersion = "Xcode 13.0";
			developmentRegion = ko;
			hasScannedForEncodings = 0;
			knownRegions = (
				ko,
				Base,
			);
			mainGroup = 55CB0A9B28BA4F9F0045644C;
			packageReferences = (
				3A7E3BD828D739CF00F6416A /* XCRemoteSwiftPackageReference "SnapKit" */,
			);
			productRefGroup = 55CB0AA528BA4F9F0045644C /* Products */;
			projectDirPath = "";
			projectRoot = "";
			targets = (
				55CB0AA328BA4F9F0045644C /* BJGG */,
			);
		};
/* End PBXProject section */

/* Begin PBXResourcesBuildPhase section */
		55CB0AA228BA4F9F0045644C /* Resources */ = {
			isa = PBXResourcesBuildPhase;
			buildActionMask = 2147483647;
			files = (
				42600D5F28EF322500D114BC /* Settings.bundle in Resources */,
				553F0F9428E212B300FD9CDA /* Pretendard-ExtraLight.otf in Resources */,
				553F0F7F28E20DDA00FD9CDA /* esamanru OTF Medium.otf in Resources */,
				42600D5928EF200B00D114BC /* Private.plist in Resources */,
				3A4A81FD28EEF86800D1FA20 /* Private.plist in Resources */,
				553F0F9228E212B300FD9CDA /* Pretendard-Bold.otf in Resources */,
				553F0F8C28E212B300FD9CDA /* Pretendard-Regular.otf in Resources */,
				553F0F8D28E212B300FD9CDA /* Pretendard-SemiBold.otf in Resources */,
				553F0F8E28E212B300FD9CDA /* Pretendard-Thin.otf in Resources */,
				553F0F9028E212B300FD9CDA /* Pretendard-Black.otf in Resources */,
				55CB0AB428BA4FA10045644C /* LaunchScreen.storyboard in Resources */,
				553F0F7D28E20DD600FD9CDA /* esamanru OTF Bold.otf in Resources */,
				553F0F7E28E20DD800FD9CDA /* esamanru OTF Light.otf in Resources */,
				553F0F9328E212B300FD9CDA /* Pretendard-ExtraBold.otf in Resources */,
				55CB0AB128BA4FA10045644C /* Assets.xcassets in Resources */,
				553F0F8F28E212B300FD9CDA /* Pretendard-Light.otf in Resources */,
				553F0F9128E212B300FD9CDA /* Pretendard-Medium.otf in Resources */,
			);
			runOnlyForDeploymentPostprocessing = 0;
		};
/* End PBXResourcesBuildPhase section */

/* Begin PBXSourcesBuildPhase section */
		55CB0AA028BA4F9F0045644C /* Sources */ = {
			isa = PBXSourcesBuildPhase;
			buildActionMask = 2147483647;
			files = (
				553F0FA728E9E11E00FD9CDA /* Weather.swift in Sources */,
				3A124ABE28DA04A300D0EAA1 /* SpotTodayWeatherCollectionView.swift in Sources */,
				3A7E3BE528D766D700F6416A /* SpotLiveCameraView.swift in Sources */,
				3A7E3BE328D7663300F6416A /* BbajiSpotViewController.swift in Sources */,
				553F0FA128E4C58600FD9CDA /* ShadowGradientView.swift in Sources */,
				55CB0ABC28BB41C60045644C /* BbajiHomeViewController.swift in Sources */,
				553F0FA328E4D5AA00FD9CDA /* PreviewView.swift in Sources */,
				3AA636E529B391FF006BB5EF /* LiveMarkView.swift in Sources */,
				42600D5B28EF201D00D114BC /* APIKey.swift in Sources */,
				553F0FA528E9D4AE00FD9CDA /* APIKey.swift in Sources */,
				558CECEA28DC64EF00AFCF50 /* UIColor+CustomColor.swift in Sources */,
				3AD87FB228D892D300ABD2E4 /* IconAndLabelView.swift in Sources */,
				55CB0AA828BA4F9F0045644C /* AppDelegate.swift in Sources */,
				3A124ABC28DA037500D0EAA1 /* SpotTodayWeatherCollectionViewCell.swift in Sources */,
				3AA636E129B390B6006BB5EF /* SpotLiveCameraControlView.swift in Sources */,
				553F0F8228E2100000FD9CDA /* UIFont+CustomFont.swift in Sources */,
				3A7E3BE928D7670000F6416A /* SpotInfoView.swift in Sources */,
				3AA636E329B390EE006BB5EF /* ScreenSizeControlButton.swift in Sources */,
				3A4A81F928EDB47600D1FA20 /* SpotWeatherAPIInfoView.swift in Sources */,
				553F0F9828E49DC200FD9CDA /* BbajiTitleView.swift in Sources */,
				3A5E18F328E4570000CBEDE3 /* UILabel+CopyLabelText.swift in Sources */,
				3A5E18F528E8A8A000CBEDE3 /* UIDevice+DeviceCheck.swift in Sources */,
				3A7E3BE728D766EC00F6416A /* SpotWeatherInfoView.swift in Sources */,
				553F0F9D28E4AD7500FD9CDA /* BbajiListCollectionView.swift in Sources */,
				553F0FA928E9E80D00FD9CDA /* WeatherManager.swift in Sources */,
				3A7E3BDF28D748B000F6416A /* BbajiInfo.swift in Sources */,
				553F0F9A28E49DF800FD9CDA /* BbajiListView.swift in Sources */,
				3AA636E729B4C8CA006BB5EF /* SpotLiveCameraGradientView.swift in Sources */,
				553F0F6D28DCE2BA00FD9CDA /* CGFloat+Constraints.swift in Sources */,
				55CB0AAA28BA4F9F0045644C /* SceneDelegate.swift in Sources */,
				553F0F9F28E4AEA300FD9CDA /* BbajiListCollectionViewCell.swift in Sources */,
			);
			runOnlyForDeploymentPostprocessing = 0;
		};
/* End PBXSourcesBuildPhase section */

/* Begin PBXVariantGroup section */
		55CB0AB228BA4FA10045644C /* LaunchScreen.storyboard */ = {
			isa = PBXVariantGroup;
			children = (
				55CB0AB328BA4FA10045644C /* Base */,
			);
			name = LaunchScreen.storyboard;
			sourceTree = "<group>";
		};
/* End PBXVariantGroup section */

/* Begin XCBuildConfiguration section */
		55CB0AB628BA4FA10045644C /* Debug */ = {
			isa = XCBuildConfiguration;
			buildSettings = {
				ALWAYS_SEARCH_USER_PATHS = NO;
				CLANG_ANALYZER_NONNULL = YES;
				CLANG_ANALYZER_NUMBER_OBJECT_CONVERSION = YES_AGGRESSIVE;
				CLANG_CXX_LANGUAGE_STANDARD = "gnu++17";
				CLANG_ENABLE_MODULES = YES;
				CLANG_ENABLE_OBJC_ARC = YES;
				CLANG_ENABLE_OBJC_WEAK = YES;
				CLANG_WARN_BLOCK_CAPTURE_AUTORELEASING = YES;
				CLANG_WARN_BOOL_CONVERSION = YES;
				CLANG_WARN_COMMA = YES;
				CLANG_WARN_CONSTANT_CONVERSION = YES;
				CLANG_WARN_DEPRECATED_OBJC_IMPLEMENTATIONS = YES;
				CLANG_WARN_DIRECT_OBJC_ISA_USAGE = YES_ERROR;
				CLANG_WARN_DOCUMENTATION_COMMENTS = YES;
				CLANG_WARN_EMPTY_BODY = YES;
				CLANG_WARN_ENUM_CONVERSION = YES;
				CLANG_WARN_INFINITE_RECURSION = YES;
				CLANG_WARN_INT_CONVERSION = YES;
				CLANG_WARN_NON_LITERAL_NULL_CONVERSION = YES;
				CLANG_WARN_OBJC_IMPLICIT_RETAIN_SELF = YES;
				CLANG_WARN_OBJC_LITERAL_CONVERSION = YES;
				CLANG_WARN_OBJC_ROOT_CLASS = YES_ERROR;
				CLANG_WARN_QUOTED_INCLUDE_IN_FRAMEWORK_HEADER = YES;
				CLANG_WARN_RANGE_LOOP_ANALYSIS = YES;
				CLANG_WARN_STRICT_PROTOTYPES = YES;
				CLANG_WARN_SUSPICIOUS_MOVE = YES;
				CLANG_WARN_UNGUARDED_AVAILABILITY = YES_AGGRESSIVE;
				CLANG_WARN_UNREACHABLE_CODE = YES;
				CLANG_WARN__DUPLICATE_METHOD_MATCH = YES;
				COPY_PHASE_STRIP = NO;
				DEBUG_INFORMATION_FORMAT = dwarf;
				ENABLE_STRICT_OBJC_MSGSEND = YES;
				ENABLE_TESTABILITY = YES;
				GCC_C_LANGUAGE_STANDARD = gnu11;
				GCC_DYNAMIC_NO_PIC = NO;
				GCC_NO_COMMON_BLOCKS = YES;
				GCC_OPTIMIZATION_LEVEL = 0;
				GCC_PREPROCESSOR_DEFINITIONS = (
					"DEBUG=1",
					"$(inherited)",
				);
				GCC_WARN_64_TO_32_BIT_CONVERSION = YES;
				GCC_WARN_ABOUT_RETURN_TYPE = YES_ERROR;
				GCC_WARN_UNDECLARED_SELECTOR = YES;
				GCC_WARN_UNINITIALIZED_AUTOS = YES_AGGRESSIVE;
				GCC_WARN_UNUSED_FUNCTION = YES;
				GCC_WARN_UNUSED_VARIABLE = YES;
				IPHONEOS_DEPLOYMENT_TARGET = 15.5;
				MTL_ENABLE_DEBUG_INFO = INCLUDE_SOURCE;
				MTL_FAST_MATH = YES;
				ONLY_ACTIVE_ARCH = YES;
				SDKROOT = iphoneos;
				SWIFT_ACTIVE_COMPILATION_CONDITIONS = DEBUG;
				SWIFT_OPTIMIZATION_LEVEL = "-Onone";
			};
			name = Debug;
		};
		55CB0AB728BA4FA10045644C /* Release */ = {
			isa = XCBuildConfiguration;
			buildSettings = {
				ALWAYS_SEARCH_USER_PATHS = NO;
				CLANG_ANALYZER_NONNULL = YES;
				CLANG_ANALYZER_NUMBER_OBJECT_CONVERSION = YES_AGGRESSIVE;
				CLANG_CXX_LANGUAGE_STANDARD = "gnu++17";
				CLANG_ENABLE_MODULES = YES;
				CLANG_ENABLE_OBJC_ARC = YES;
				CLANG_ENABLE_OBJC_WEAK = YES;
				CLANG_WARN_BLOCK_CAPTURE_AUTORELEASING = YES;
				CLANG_WARN_BOOL_CONVERSION = YES;
				CLANG_WARN_COMMA = YES;
				CLANG_WARN_CONSTANT_CONVERSION = YES;
				CLANG_WARN_DEPRECATED_OBJC_IMPLEMENTATIONS = YES;
				CLANG_WARN_DIRECT_OBJC_ISA_USAGE = YES_ERROR;
				CLANG_WARN_DOCUMENTATION_COMMENTS = YES;
				CLANG_WARN_EMPTY_BODY = YES;
				CLANG_WARN_ENUM_CONVERSION = YES;
				CLANG_WARN_INFINITE_RECURSION = YES;
				CLANG_WARN_INT_CONVERSION = YES;
				CLANG_WARN_NON_LITERAL_NULL_CONVERSION = YES;
				CLANG_WARN_OBJC_IMPLICIT_RETAIN_SELF = YES;
				CLANG_WARN_OBJC_LITERAL_CONVERSION = YES;
				CLANG_WARN_OBJC_ROOT_CLASS = YES_ERROR;
				CLANG_WARN_QUOTED_INCLUDE_IN_FRAMEWORK_HEADER = YES;
				CLANG_WARN_RANGE_LOOP_ANALYSIS = YES;
				CLANG_WARN_STRICT_PROTOTYPES = YES;
				CLANG_WARN_SUSPICIOUS_MOVE = YES;
				CLANG_WARN_UNGUARDED_AVAILABILITY = YES_AGGRESSIVE;
				CLANG_WARN_UNREACHABLE_CODE = YES;
				CLANG_WARN__DUPLICATE_METHOD_MATCH = YES;
				COPY_PHASE_STRIP = NO;
				DEBUG_INFORMATION_FORMAT = "dwarf-with-dsym";
				ENABLE_NS_ASSERTIONS = NO;
				ENABLE_STRICT_OBJC_MSGSEND = YES;
				GCC_C_LANGUAGE_STANDARD = gnu11;
				GCC_NO_COMMON_BLOCKS = YES;
				GCC_WARN_64_TO_32_BIT_CONVERSION = YES;
				GCC_WARN_ABOUT_RETURN_TYPE = YES_ERROR;
				GCC_WARN_UNDECLARED_SELECTOR = YES;
				GCC_WARN_UNINITIALIZED_AUTOS = YES_AGGRESSIVE;
				GCC_WARN_UNUSED_FUNCTION = YES;
				GCC_WARN_UNUSED_VARIABLE = YES;
				IPHONEOS_DEPLOYMENT_TARGET = 15.5;
				MTL_ENABLE_DEBUG_INFO = NO;
				MTL_FAST_MATH = YES;
				SDKROOT = iphoneos;
				SWIFT_COMPILATION_MODE = wholemodule;
				SWIFT_OPTIMIZATION_LEVEL = "-O";
				VALIDATE_PRODUCT = YES;
			};
			name = Release;
		};
		55CB0AB928BA4FA10045644C /* Debug */ = {
			isa = XCBuildConfiguration;
			buildSettings = {
				ASSETCATALOG_COMPILER_APPICON_NAME = AppIcon;
				ASSETCATALOG_COMPILER_GLOBAL_ACCENT_COLOR_NAME = AccentColor;
				CODE_SIGN_STYLE = Automatic;
				CURRENT_PROJECT_VERSION = 1;
				DEVELOPMENT_TEAM = UAM52RQFW9;
				GENERATE_INFOPLIST_FILE = YES;
				INFOPLIST_FILE = BJGG/Info.plist;
				INFOPLIST_KEY_CFBundleDisplayName = "빠지가까";
				INFOPLIST_KEY_UIApplicationSupportsIndirectInputEvents = YES;
				INFOPLIST_KEY_UILaunchStoryboardName = LaunchScreen;
				INFOPLIST_KEY_UISupportedInterfaceOrientations_iPad = "UIInterfaceOrientationPortrait UIInterfaceOrientationPortraitUpsideDown UIInterfaceOrientationLandscapeLeft UIInterfaceOrientationLandscapeRight";
				INFOPLIST_KEY_UISupportedInterfaceOrientations_iPhone = "UIInterfaceOrientationPortrait UIInterfaceOrientationLandscapeLeft UIInterfaceOrientationLandscapeRight";
				LD_RUNPATH_SEARCH_PATHS = (
					"$(inherited)",
					"@executable_path/Frameworks",
				);
				MARKETING_VERSION = 1.0;
				PRODUCT_BUNDLE_IDENTIFIER = com.curry.BJGG;
				PRODUCT_NAME = "$(TARGET_NAME)";
				SUPPORTED_PLATFORMS = "iphoneos iphonesimulator";
				SUPPORTS_MACCATALYST = NO;
				SUPPORTS_MAC_DESIGNED_FOR_IPHONE_IPAD = YES;
				SWIFT_EMIT_LOC_STRINGS = YES;
				SWIFT_VERSION = 5.0;
				TARGETED_DEVICE_FAMILY = 1;
			};
			name = Debug;
		};
		55CB0ABA28BA4FA10045644C /* Release */ = {
			isa = XCBuildConfiguration;
			buildSettings = {
				ASSETCATALOG_COMPILER_APPICON_NAME = AppIcon;
				ASSETCATALOG_COMPILER_GLOBAL_ACCENT_COLOR_NAME = AccentColor;
				CODE_SIGN_STYLE = Automatic;
				CURRENT_PROJECT_VERSION = 1;
				DEVELOPMENT_TEAM = UAM52RQFW9;
				GENERATE_INFOPLIST_FILE = YES;
				INFOPLIST_FILE = BJGG/Info.plist;
				INFOPLIST_KEY_CFBundleDisplayName = "빠지가까";
				INFOPLIST_KEY_UIApplicationSupportsIndirectInputEvents = YES;
				INFOPLIST_KEY_UILaunchStoryboardName = LaunchScreen;
				INFOPLIST_KEY_UISupportedInterfaceOrientations_iPad = "UIInterfaceOrientationPortrait UIInterfaceOrientationPortraitUpsideDown UIInterfaceOrientationLandscapeLeft UIInterfaceOrientationLandscapeRight";
				INFOPLIST_KEY_UISupportedInterfaceOrientations_iPhone = "UIInterfaceOrientationPortrait UIInterfaceOrientationLandscapeLeft UIInterfaceOrientationLandscapeRight";
				LD_RUNPATH_SEARCH_PATHS = (
					"$(inherited)",
					"@executable_path/Frameworks",
				);
				MARKETING_VERSION = 1.0;
				PRODUCT_BUNDLE_IDENTIFIER = com.curry.BJGG;
				PRODUCT_NAME = "$(TARGET_NAME)";
				SUPPORTED_PLATFORMS = "iphoneos iphonesimulator";
				SUPPORTS_MACCATALYST = NO;
				SUPPORTS_MAC_DESIGNED_FOR_IPHONE_IPAD = YES;
				SWIFT_EMIT_LOC_STRINGS = YES;
				SWIFT_VERSION = 5.0;
				TARGETED_DEVICE_FAMILY = 1;
			};
			name = Release;
		};
/* End XCBuildConfiguration section */

/* Begin XCConfigurationList section */
		55CB0A9F28BA4F9F0045644C /* Build configuration list for PBXProject "BJGG" */ = {
			isa = XCConfigurationList;
			buildConfigurations = (
				55CB0AB628BA4FA10045644C /* Debug */,
				55CB0AB728BA4FA10045644C /* Release */,
			);
			defaultConfigurationIsVisible = 0;
			defaultConfigurationName = Release;
		};
		55CB0AB828BA4FA10045644C /* Build configuration list for PBXNativeTarget "BJGG" */ = {
			isa = XCConfigurationList;
			buildConfigurations = (
				55CB0AB928BA4FA10045644C /* Debug */,
				55CB0ABA28BA4FA10045644C /* Release */,
			);
			defaultConfigurationIsVisible = 0;
			defaultConfigurationName = Release;
		};
/* End XCConfigurationList section */

/* Begin XCRemoteSwiftPackageReference section */
		3A7E3BD828D739CF00F6416A /* XCRemoteSwiftPackageReference "SnapKit" */ = {
			isa = XCRemoteSwiftPackageReference;
			repositoryURL = "https://github.com/SnapKit/SnapKit";
			requirement = {
				branch = develop;
				kind = branch;
			};
		};
/* End XCRemoteSwiftPackageReference section */

/* Begin XCSwiftPackageProductDependency section */
		3A7E3BD928D739CF00F6416A /* SnapKit */ = {
			isa = XCSwiftPackageProductDependency;
			package = 3A7E3BD828D739CF00F6416A /* XCRemoteSwiftPackageReference "SnapKit" */;
			productName = SnapKit;
		};
/* End XCSwiftPackageProductDependency section */
	};
	rootObject = 55CB0A9C28BA4F9F0045644C /* Project object */;
}
