// !$*UTF8*$!
{
	archiveVersion = 1;
	classes = {
	};
	objectVersion = 55;
	objects = {

/* Begin PBXBuildFile section */
		3A7E3BDA28D739CF00F6416A /* SnapKit in Frameworks */ = {isa = PBXBuildFile; productRef = 3A7E3BD928D739CF00F6416A /* SnapKit */; };
		3A7E3BDF28D748B000F6416A /* BbajiInfo.swift in Sources */ = {isa = PBXBuildFile; fileRef = 3A7E3BDE28D748B000F6416A /* BbajiInfo.swift */; };
		558CECEA28DC64EF00AFCF50 /* Color+.swift in Sources */ = {isa = PBXBuildFile; fileRef = 558CECE928DC64EF00AFCF50 /* Color+.swift */; };
		55CB0AA828BA4F9F0045644C /* AppDelegate.swift in Sources */ = {isa = PBXBuildFile; fileRef = 55CB0AA728BA4F9F0045644C /* AppDelegate.swift */; };
		55CB0AAA28BA4F9F0045644C /* SceneDelegate.swift in Sources */ = {isa = PBXBuildFile; fileRef = 55CB0AA928BA4F9F0045644C /* SceneDelegate.swift */; };
		55CB0AB128BA4FA10045644C /* Assets.xcassets in Resources */ = {isa = PBXBuildFile; fileRef = 55CB0AB028BA4FA10045644C /* Assets.xcassets */; };
		55CB0AB428BA4FA10045644C /* LaunchScreen.storyboard in Resources */ = {isa = PBXBuildFile; fileRef = 55CB0AB228BA4FA10045644C /* LaunchScreen.storyboard */; };
		55CB0ABC28BB41C60045644C /* MainViewController.swift in Sources */ = {isa = PBXBuildFile; fileRef = 55CB0ABB28BB41C60045644C /* MainViewController.swift */; };
/* End PBXBuildFile section */

/* Begin PBXFileReference section */
		3A7E3BDE28D748B000F6416A /* BbajiInfo.swift */ = {isa = PBXFileReference; lastKnownFileType = sourcecode.swift; path = BbajiInfo.swift; sourceTree = "<group>"; };
		558CECE928DC64EF00AFCF50 /* Color+.swift */ = {isa = PBXFileReference; lastKnownFileType = sourcecode.swift; path = "Color+.swift"; sourceTree = "<group>"; };
		55CB0AA428BA4F9F0045644C /* BJGG.app */ = {isa = PBXFileReference; explicitFileType = wrapper.application; includeInIndex = 0; path = BJGG.app; sourceTree = BUILT_PRODUCTS_DIR; };
		55CB0AA728BA4F9F0045644C /* AppDelegate.swift */ = {isa = PBXFileReference; lastKnownFileType = sourcecode.swift; path = AppDelegate.swift; sourceTree = "<group>"; };
		55CB0AA928BA4F9F0045644C /* SceneDelegate.swift */ = {isa = PBXFileReference; lastKnownFileType = sourcecode.swift; path = SceneDelegate.swift; sourceTree = "<group>"; };
		55CB0AB028BA4FA10045644C /* Assets.xcassets */ = {isa = PBXFileReference; lastKnownFileType = folder.assetcatalog; path = Assets.xcassets; sourceTree = "<group>"; };
		55CB0AB328BA4FA10045644C /* Base */ = {isa = PBXFileReference; lastKnownFileType = file.storyboard; name = Base; path = Base.lproj/LaunchScreen.storyboard; sourceTree = "<group>"; };
		55CB0AB528BA4FA10045644C /* Info.plist */ = {isa = PBXFileReference; lastKnownFileType = text.plist.xml; path = Info.plist; sourceTree = "<group>"; };
		55CB0ABB28BB41C60045644C /* MainViewController.swift */ = {isa = PBXFileReference; lastKnownFileType = sourcecode.swift; path = MainViewController.swift; sourceTree = "<group>"; };
/* End PBXFileReference section */

/* Begin PBXFrameworksBuildPhase section */
		55CB0AA128BA4F9F0045644C /* Frameworks */ = {
			isa = PBXFrameworksBuildPhase;
			buildActionMask = 2147483647;
			files = (
				3A7E3BDA28D739CF00F6416A /* SnapKit in Frameworks */,
			);
			runOnlyForDeploymentPostprocessing = 0;
		};
/* End PBXFrameworksBuildPhase section */

/* Begin PBXGroup section */
		3A7E3BDB28D7427E00F6416A /* Model */ = {
			isa = PBXGroup;
			children = (
				3A7E3BDE28D748B000F6416A /* BbajiInfo.swift */,
			);
			path = Model;
			sourceTree = "<group>";
		};
		558CECEB28DC64FC00AFCF50 /* Extension */ = {
			isa = PBXGroup;
			children = (
				558CECE928DC64EF00AFCF50 /* Color+.swift */,
			);
			path = Extension;
			sourceTree = "<group>";
		};
		55CB0A9B28BA4F9F0045644C = {
			isa = PBXGroup;
			children = (
				55CB0AA628BA4F9F0045644C /* BJGG */,
				55CB0AA528BA4F9F0045644C /* Products */,
			);
			sourceTree = "<group>";
		};
		55CB0AA528BA4F9F0045644C /* Products */ = {
			isa = PBXGroup;
			children = (
				55CB0AA428BA4F9F0045644C /* BJGG.app */,
			);
			name = Products;
			sourceTree = "<group>";
		};
		55CB0AA628BA4F9F0045644C /* BJGG */ = {
			isa = PBXGroup;
			children = (
				558CECEB28DC64FC00AFCF50 /* Extension */,
				3A7E3BDB28D7427E00F6416A /* Model */,
				55CB0AA728BA4F9F0045644C /* AppDelegate.swift */,
				55CB0AA928BA4F9F0045644C /* SceneDelegate.swift */,
				55CB0ABB28BB41C60045644C /* MainViewController.swift */,
				55CB0AB028BA4FA10045644C /* Assets.xcassets */,
				55CB0AB228BA4FA10045644C /* LaunchScreen.storyboard */,
				55CB0AB528BA4FA10045644C /* Info.plist */,
			);
			path = BJGG;
			sourceTree = "<group>";
		};
/* End PBXGroup section */

/* Begin PBXNativeTarget section */
		55CB0AA328BA4F9F0045644C /* BJGG */ = {
			isa = PBXNativeTarget;
			buildConfigurationList = 55CB0AB828BA4FA10045644C /* Build configuration list for PBXNativeTarget "BJGG" */;
			buildPhases = (
				55CB0AA028BA4F9F0045644C /* Sources */,
				55CB0AA128BA4F9F0045644C /* Frameworks */,
				55CB0AA228BA4F9F0045644C /* Resources */,
			);
			buildRules = (
			);
			dependencies = (
			);
			name = BJGG;
			packageProductDependencies = (
				3A7E3BD928D739CF00F6416A /* SnapKit */,
			);
			productName = BJGG;
			productReference = 55CB0AA428BA4F9F0045644C /* BJGG.app */;
			productType = "com.apple.product-type.application";
		};
/* End PBXNativeTarget section */

/* Begin PBXProject section */
		55CB0A9C28BA4F9F0045644C /* Project object */ = {
			isa = PBXProject;
			attributes = {
				BuildIndependentTargetsInParallel = 1;
				LastSwiftUpdateCheck = 1340;
				LastUpgradeCheck = 1340;
				TargetAttributes = {
					55CB0AA328BA4F9F0045644C = {
						CreatedOnToolsVersion = 13.4.1;
					};
				};
			};
			buildConfigurationList = 55CB0A9F28BA4F9F0045644C /* Build configuration list for PBXProject "BJGG" */;
			compatibilityVersion = "Xcode 13.0";
			developmentRegion = en;
			hasScannedForEncodings = 0;
			knownRegions = (
				en,
				Base,
			);
			mainGroup = 55CB0A9B28BA4F9F0045644C;
			packageReferences = (
				3A7E3BD828D739CF00F6416A /* XCRemoteSwiftPackageReference "SnapKit" */,
			);
			productRefGroup = 55CB0AA528BA4F9F0045644C /* Products */;
			projectDirPath = "";
			projectRoot = "";
			targets = (
				55CB0AA328BA4F9F0045644C /* BJGG */,
			);
		};
/* End PBXProject section */

/* Begin PBXResourcesBuildPhase section */
		55CB0AA228BA4F9F0045644C /* Resources */ = {
			isa = PBXResourcesBuildPhase;
			buildActionMask = 2147483647;
			files = (
				55CB0AB428BA4FA10045644C /* LaunchScreen.storyboard in Resources */,
				55CB0AB128BA4FA10045644C /* Assets.xcassets in Resources */,
			);
			runOnlyForDeploymentPostprocessing = 0;
		};
/* End PBXResourcesBuildPhase section */

/* Begin PBXSourcesBuildPhase section */
		55CB0AA028BA4F9F0045644C /* Sources */ = {
			isa = PBXSourcesBuildPhase;
			buildActionMask = 2147483647;
			files = (
				55CB0ABC28BB41C60045644C /* MainViewController.swift in Sources */,
				558CECEA28DC64EF00AFCF50 /* Color+.swift in Sources */,
				55CB0AA828BA4F9F0045644C /* AppDelegate.swift in Sources */,
				3A7E3BDF28D748B000F6416A /* BbajiInfo.swift in Sources */,
				55CB0AAA28BA4F9F0045644C /* SceneDelegate.swift in Sources */,
			);
			runOnlyForDeploymentPostprocessing = 0;
		};
/* End PBXSourcesBuildPhase section */

/* Begin PBXVariantGroup section */
		55CB0AB228BA4FA10045644C /* LaunchScreen.storyboard */ = {
			isa = PBXVariantGroup;
			children = (
				55CB0AB328BA4FA10045644C /* Base */,
			);
			name = LaunchScreen.storyboard;
			sourceTree = "<group>";
		};
/* End PBXVariantGroup section */

/* Begin XCBuildConfiguration section */
		55CB0AB628BA4FA10045644C /* Debug */ = {
			isa = XCBuildConfiguration;
			buildSettings = {
				ALWAYS_SEARCH_USER_PATHS = NO;
				CLANG_ANALYZER_NONNULL = YES;
				CLANG_ANALYZER_NUMBER_OBJECT_CONVERSION = YES_AGGRESSIVE;
				CLANG_CXX_LANGUAGE_STANDARD = "gnu++17";
				CLANG_ENABLE_MODULES = YES;
				CLANG_ENABLE_OBJC_ARC = YES;
				CLANG_ENABLE_OBJC_WEAK = YES;
				CLANG_WARN_BLOCK_CAPTURE_AUTORELEASING = YES;
				CLANG_WARN_BOOL_CONVERSION = YES;
				CLANG_WARN_COMMA = YES;
				CLANG_WARN_CONSTANT_CONVERSION = YES;
				CLANG_WARN_DEPRECATED_OBJC_IMPLEMENTATIONS = YES;
				CLANG_WARN_DIRECT_OBJC_ISA_USAGE = YES_ERROR;
				CLANG_WARN_DOCUMENTATION_COMMENTS = YES;
				CLANG_WARN_EMPTY_BODY = YES;
				CLANG_WARN_ENUM_CONVERSION = YES;
				CLANG_WARN_INFINITE_RECURSION = YES;
				CLANG_WARN_INT_CONVERSION = YES;
				CLANG_WARN_NON_LITERAL_NULL_CONVERSION = YES;
				CLANG_WARN_OBJC_IMPLICIT_RETAIN_SELF = YES;
				CLANG_WARN_OBJC_LITERAL_CONVERSION = YES;
				CLANG_WARN_OBJC_ROOT_CLASS = YES_ERROR;
				CLANG_WARN_QUOTED_INCLUDE_IN_FRAMEWORK_HEADER = YES;
				CLANG_WARN_RANGE_LOOP_ANALYSIS = YES;
				CLANG_WARN_STRICT_PROTOTYPES = YES;
				CLANG_WARN_SUSPICIOUS_MOVE = YES;
				CLANG_WARN_UNGUARDED_AVAILABILITY = YES_AGGRESSIVE;
				CLANG_WARN_UNREACHABLE_CODE = YES;
				CLANG_WARN__DUPLICATE_METHOD_MATCH = YES;
				COPY_PHASE_STRIP = NO;
				DEBUG_INFORMATION_FORMAT = dwarf;
				ENABLE_STRICT_OBJC_MSGSEND = YES;
				ENABLE_TESTABILITY = YES;
				GCC_C_LANGUAGE_STANDARD = gnu11;
				GCC_DYNAMIC_NO_PIC = NO;
				GCC_NO_COMMON_BLOCKS = YES;
				GCC_OPTIMIZATION_LEVEL = 0;
				GCC_PREPROCESSOR_DEFINITIONS = (
					"DEBUG=1",
					"$(inherited)",
				);
				GCC_WARN_64_TO_32_BIT_CONVERSION = YES;
				GCC_WARN_ABOUT_RETURN_TYPE = YES_ERROR;
				GCC_WARN_UNDECLARED_SELECTOR = YES;
				GCC_WARN_UNINITIALIZED_AUTOS = YES_AGGRESSIVE;
				GCC_WARN_UNUSED_FUNCTION = YES;
				GCC_WARN_UNUSED_VARIABLE = YES;
				IPHONEOS_DEPLOYMENT_TARGET = 15.5;
				MTL_ENABLE_DEBUG_INFO = INCLUDE_SOURCE;
				MTL_FAST_MATH = YES;
				ONLY_ACTIVE_ARCH = YES;
				SDKROOT = iphoneos;
				SWIFT_ACTIVE_COMPILATION_CONDITIONS = DEBUG;
				SWIFT_OPTIMIZATION_LEVEL = "-Onone";
			};
			name = Debug;
		};
		55CB0AB728BA4FA10045644C /* Release */ = {
			isa = XCBuildConfiguration;
			buildSettings = {
				ALWAYS_SEARCH_USER_PATHS = NO;
				CLANG_ANALYZER_NONNULL = YES;
				CLANG_ANALYZER_NUMBER_OBJECT_CONVERSION = YES_AGGRESSIVE;
				CLANG_CXX_LANGUAGE_STANDARD = "gnu++17";
				CLANG_ENABLE_MODULES = YES;
				CLANG_ENABLE_OBJC_ARC = YES;
				CLANG_ENABLE_OBJC_WEAK = YES;
				CLANG_WARN_BLOCK_CAPTURE_AUTORELEASING = YES;
				CLANG_WARN_BOOL_CONVERSION = YES;
				CLANG_WARN_COMMA = YES;
				CLANG_WARN_CONSTANT_CONVERSION = YES;
				CLANG_WARN_DEPRECATED_OBJC_IMPLEMENTATIONS = YES;
				CLANG_WARN_DIRECT_OBJC_ISA_USAGE = YES_ERROR;
				CLANG_WARN_DOCUMENTATION_COMMENTS = YES;
				CLANG_WARN_EMPTY_BODY = YES;
				CLANG_WARN_ENUM_CONVERSION = YES;
				CLANG_WARN_INFINITE_RECURSION = YES;
				CLANG_WARN_INT_CONVERSION = YES;
				CLANG_WARN_NON_LITERAL_NULL_CONVERSION = YES;
				CLANG_WARN_OBJC_IMPLICIT_RETAIN_SELF = YES;
				CLANG_WARN_OBJC_LITERAL_CONVERSION = YES;
				CLANG_WARN_OBJC_ROOT_CLASS = YES_ERROR;
				CLANG_WARN_QUOTED_INCLUDE_IN_FRAMEWORK_HEADER = YES;
				CLANG_WARN_RANGE_LOOP_ANALYSIS = YES;
				CLANG_WARN_STRICT_PROTOTYPES = YES;
				CLANG_WARN_SUSPICIOUS_MOVE = YES;
				CLANG_WARN_UNGUARDED_AVAILABILITY = YES_AGGRESSIVE;
				CLANG_WARN_UNREACHABLE_CODE = YES;
				CLANG_WARN__DUPLICATE_METHOD_MATCH = YES;
				COPY_PHASE_STRIP = NO;
				DEBUG_INFORMATION_FORMAT = "dwarf-with-dsym";
				ENABLE_NS_ASSERTIONS = NO;
				ENABLE_STRICT_OBJC_MSGSEND = YES;
				GCC_C_LANGUAGE_STANDARD = gnu11;
				GCC_NO_COMMON_BLOCKS = YES;
				GCC_WARN_64_TO_32_BIT_CONVERSION = YES;
				GCC_WARN_ABOUT_RETURN_TYPE = YES_ERROR;
				GCC_WARN_UNDECLARED_SELECTOR = YES;
				GCC_WARN_UNINITIALIZED_AUTOS = YES_AGGRESSIVE;
				GCC_WARN_UNUSED_FUNCTION = YES;
				GCC_WARN_UNUSED_VARIABLE = YES;
				IPHONEOS_DEPLOYMENT_TARGET = 15.5;
				MTL_ENABLE_DEBUG_INFO = NO;
				MTL_FAST_MATH = YES;
				SDKROOT = iphoneos;
				SWIFT_COMPILATION_MODE = wholemodule;
				SWIFT_OPTIMIZATION_LEVEL = "-O";
				VALIDATE_PRODUCT = YES;
			};
			name = Release;
		};
		55CB0AB928BA4FA10045644C /* Debug */ = {
			isa = XCBuildConfiguration;
			buildSettings = {
				ASSETCATALOG_COMPILER_APPICON_NAME = AppIcon;
				ASSETCATALOG_COMPILER_GLOBAL_ACCENT_COLOR_NAME = AccentColor;
				CODE_SIGN_STYLE = Automatic;
				CURRENT_PROJECT_VERSION = 1;
				DEVELOPMENT_TEAM = "";
				GENERATE_INFOPLIST_FILE = YES;
				INFOPLIST_FILE = BJGG/Info.plist;
				INFOPLIST_KEY_UIApplicationSupportsIndirectInputEvents = YES;
				INFOPLIST_KEY_UILaunchStoryboardName = LaunchScreen;
				INFOPLIST_KEY_UISupportedInterfaceOrientations_iPad = "UIInterfaceOrientationPortrait UIInterfaceOrientationPortraitUpsideDown UIInterfaceOrientationLandscapeLeft UIInterfaceOrientationLandscapeRight";
				INFOPLIST_KEY_UISupportedInterfaceOrientations_iPhone = "UIInterfaceOrientationPortrait UIInterfaceOrientationLandscapeLeft UIInterfaceOrientationLandscapeRight";
				LD_RUNPATH_SEARCH_PATHS = (
					"$(inherited)",
					"@executable_path/Frameworks",
				);
				MARKETING_VERSION = 1.0;
				PRODUCT_BUNDLE_IDENTIFIER = com.curry.BJGG;
				PRODUCT_NAME = "$(TARGET_NAME)";
				SWIFT_EMIT_LOC_STRINGS = YES;
				SWIFT_VERSION = 5.0;
				TARGETED_DEVICE_FAMILY = "1,2";
			};
			name = Debug;
		};
		55CB0ABA28BA4FA10045644C /* Release */ = {
			isa = XCBuildConfiguration;
			buildSettings = {
				ASSETCATALOG_COMPILER_APPICON_NAME = AppIcon;
				ASSETCATALOG_COMPILER_GLOBAL_ACCENT_COLOR_NAME = AccentColor;
				CODE_SIGN_STYLE = Automatic;
				CURRENT_PROJECT_VERSION = 1;
				DEVELOPMENT_TEAM = "";
				GENERATE_INFOPLIST_FILE = YES;
				INFOPLIST_FILE = BJGG/Info.plist;
				INFOPLIST_KEY_UIApplicationSupportsIndirectInputEvents = YES;
				INFOPLIST_KEY_UILaunchStoryboardName = LaunchScreen;
				INFOPLIST_KEY_UISupportedInterfaceOrientations_iPad = "UIInterfaceOrientationPortrait UIInterfaceOrientationPortraitUpsideDown UIInterfaceOrientationLandscapeLeft UIInterfaceOrientationLandscapeRight";
				INFOPLIST_KEY_UISupportedInterfaceOrientations_iPhone = "UIInterfaceOrientationPortrait UIInterfaceOrientationLandscapeLeft UIInterfaceOrientationLandscapeRight";
				LD_RUNPATH_SEARCH_PATHS = (
					"$(inherited)",
					"@executable_path/Frameworks",
				);
				MARKETING_VERSION = 1.0;
				PRODUCT_BUNDLE_IDENTIFIER = com.curry.BJGG;
				PRODUCT_NAME = "$(TARGET_NAME)";
				SWIFT_EMIT_LOC_STRINGS = YES;
				SWIFT_VERSION = 5.0;
				TARGETED_DEVICE_FAMILY = "1,2";
			};
			name = Release;
		};
/* End XCBuildConfiguration section */

/* Begin XCConfigurationList section */
		55CB0A9F28BA4F9F0045644C /* Build configuration list for PBXProject "BJGG" */ = {
			isa = XCConfigurationList;
			buildConfigurations = (
				55CB0AB628BA4FA10045644C /* Debug */,
				55CB0AB728BA4FA10045644C /* Release */,
			);
			defaultConfigurationIsVisible = 0;
			defaultConfigurationName = Release;
		};
		55CB0AB828BA4FA10045644C /* Build configuration list for PBXNativeTarget "BJGG" */ = {
			isa = XCConfigurationList;
			buildConfigurations = (
				55CB0AB928BA4FA10045644C /* Debug */,
				55CB0ABA28BA4FA10045644C /* Release */,
			);
			defaultConfigurationIsVisible = 0;
			defaultConfigurationName = Release;
		};
/* End XCConfigurationList section */

/* Begin XCRemoteSwiftPackageReference section */
		3A7E3BD828D739CF00F6416A /* XCRemoteSwiftPackageReference "SnapKit" */ = {
			isa = XCRemoteSwiftPackageReference;
			repositoryURL = "https://github.com/SnapKit/SnapKit";
			requirement = {
				branch = develop;
				kind = branch;
			};
		};
/* End XCRemoteSwiftPackageReference section */

/* Begin XCSwiftPackageProductDependency section */
		3A7E3BD928D739CF00F6416A /* SnapKit */ = {
			isa = XCSwiftPackageProductDependency;
			package = 3A7E3BD828D739CF00F6416A /* XCRemoteSwiftPackageReference "SnapKit" */;
			productName = SnapKit;
		};
/* End XCSwiftPackageProductDependency section */
	};
	rootObject = 55CB0A9C28BA4F9F0045644C /* Project object */;
}
