// !$*UTF8*$!
{
	archiveVersion = 1;
	classes = {
	};
	objectVersion = 55;
	objects = {

/* Begin PBXBuildFile section */
		062064972A6D854C00B441CF /* WeatherDTO.swift in Sources */ = {isa = PBXBuildFile; fileRef = 062064962A6D854C00B441CF /* WeatherDTO.swift */; };
		066579182A714BC700AA3852 /* ForecastManagerTests.swift in Sources */ = {isa = PBXBuildFile; fileRef = 066579172A714BC700AA3852 /* ForecastManagerTests.swift */; };
		0665799F2A77F39200AA3852 /* StubWeather.swift in Sources */ = {isa = PBXBuildFile; fileRef = 0665799E2A77F39200AA3852 /* StubWeather.swift */; };
		066579A72A77F50A00AA3852 /* CombineCocoa in Frameworks */ = {isa = PBXBuildFile; productRef = 066579A62A77F50A00AA3852 /* CombineCocoa */; };
		066579A92A7D1D4000AA3852 /* StubWeather.swift in Sources */ = {isa = PBXBuildFile; fileRef = 0665799E2A77F39200AA3852 /* StubWeather.swift */; };
		06B1AFE92A6EA5F700CA712A /* ForecastManager.swift in Sources */ = {isa = PBXBuildFile; fileRef = 06B1AFE82A6EA5F700CA712A /* ForecastManager.swift */; };
		06B1AFEC2A6EA8D400CA712A /* ComputableWeather.swift in Sources */ = {isa = PBXBuildFile; fileRef = 06B1AFEB2A6EA8D400CA712A /* ComputableWeather.swift */; };
		3A124ABC28DA037500D0EAA1 /* SpotTodayWeatherCollectionViewCell.swift in Sources */ = {isa = PBXBuildFile; fileRef = 3A124ABB28DA037500D0EAA1 /* SpotTodayWeatherCollectionViewCell.swift */; };
		3A1D45C22A46A66900DFA036 /* SpotLiveCameraViewModel.swift in Sources */ = {isa = PBXBuildFile; fileRef = 3A1D45C12A46A66900DFA036 /* SpotLiveCameraViewModel.swift */; };
		3A1D45C42A46B94900DFA036 /* SpotWeatherViewModel.swift in Sources */ = {isa = PBXBuildFile; fileRef = 3A1D45C32A46B94900DFA036 /* SpotWeatherViewModel.swift */; };
		3A1D45C62A46C2FC00DFA036 /* SpotInfoViewModel.swift in Sources */ = {isa = PBXBuildFile; fileRef = 3A1D45C52A46C2FC00DFA036 /* SpotInfoViewModel.swift */; };
		3A396BC029CC4D1C009B0545 /* NetworkManager.swift in Sources */ = {isa = PBXBuildFile; fileRef = 3A396BBF29CC4D1C009B0545 /* NetworkManager.swift */; };
		3A4A81F928EDB47600D1FA20 /* SpotWeatherAPIInfoView.swift in Sources */ = {isa = PBXBuildFile; fileRef = 3A4A81F828EDB47600D1FA20 /* SpotWeatherAPIInfoView.swift */; };
		3A53021629DC26CA00888CFA /* CombineCocoa in Frameworks */ = {isa = PBXBuildFile; productRef = 3A53021529DC26CA00888CFA /* CombineCocoa */; };
		3A53021829DC272300888CFA /* SpotViewModel.swift in Sources */ = {isa = PBXBuildFile; fileRef = 3A53021729DC272300888CFA /* SpotViewModel.swift */; };
		3A53021A29DC649B00888CFA /* Combine+GestureRecognizer.swift in Sources */ = {isa = PBXBuildFile; fileRef = 3A53021929DC649B00888CFA /* Combine+GestureRecognizer.swift */; };
		3A53021C29DC64D400888CFA /* UIView+.swift in Sources */ = {isa = PBXBuildFile; fileRef = 3A53021B29DC64D400888CFA /* UIView+.swift */; };
		3A53022329DD9EB500888CFA /* WeatherData.swift in Sources */ = {isa = PBXBuildFile; fileRef = 3A53022229DD9EB500888CFA /* WeatherData.swift */; };
		3A53022529DD9ED800888CFA /* ScreenSizeStatus.swift in Sources */ = {isa = PBXBuildFile; fileRef = 3A53022429DD9ED800888CFA /* ScreenSizeStatus.swift */; };
		3A53022729DD9EEC00888CFA /* ControlStatus.swift in Sources */ = {isa = PBXBuildFile; fileRef = 3A53022629DD9EEC00888CFA /* ControlStatus.swift */; };
		3A53022929DD9EF700888CFA /* PlayStatus.swift in Sources */ = {isa = PBXBuildFile; fileRef = 3A53022829DD9EF700888CFA /* PlayStatus.swift */; };
		3A5E18F328E4570000CBEDE3 /* UILabel+CopyLabelText.swift in Sources */ = {isa = PBXBuildFile; fileRef = 3A5E18F228E4570000CBEDE3 /* UILabel+CopyLabelText.swift */; };
		3A5E18F528E8A8A000CBEDE3 /* UIDevice+DeviceCheck.swift in Sources */ = {isa = PBXBuildFile; fileRef = 3A5E18F428E8A89F00CBEDE3 /* UIDevice+DeviceCheck.swift */; };
		3A701F872A5AC53800D6913A /* Private.xcconfig in Resources */ = {isa = PBXBuildFile; fileRef = 3A701F862A5AC53800D6913A /* Private.xcconfig */; };
		3A7E3BDA28D739CF00F6416A /* SnapKit in Frameworks */ = {isa = PBXBuildFile; productRef = 3A7E3BD928D739CF00F6416A /* SnapKit */; };
		3A7E3BDF28D748B000F6416A /* BbajiInfo.swift in Sources */ = {isa = PBXBuildFile; fileRef = 3A7E3BDE28D748B000F6416A /* BbajiInfo.swift */; };
		3A7E3BE328D7663300F6416A /* BbajiSpotViewController.swift in Sources */ = {isa = PBXBuildFile; fileRef = 3A7E3BE228D7663300F6416A /* BbajiSpotViewController.swift */; };
		3A7E3BE528D766D700F6416A /* SpotLiveCameraView.swift in Sources */ = {isa = PBXBuildFile; fileRef = 3A7E3BE428D766D700F6416A /* SpotLiveCameraView.swift */; };
		3A7E3BE728D766EC00F6416A /* SpotWeatherInfoView.swift in Sources */ = {isa = PBXBuildFile; fileRef = 3A7E3BE628D766EC00F6416A /* SpotWeatherInfoView.swift */; };
		3A7E3BE928D7670000F6416A /* SpotInfoView.swift in Sources */ = {isa = PBXBuildFile; fileRef = 3A7E3BE828D7670000F6416A /* SpotInfoView.swift */; };
		3AA636A029A65F3F006BB5EF /* XCConfigError.swift in Sources */ = {isa = PBXBuildFile; fileRef = 3AA6369F29A65F3F006BB5EF /* XCConfigError.swift */; };
		3AA636E129B390B6006BB5EF /* SpotLiveCameraControlView.swift in Sources */ = {isa = PBXBuildFile; fileRef = 3AA636E029B390B6006BB5EF /* SpotLiveCameraControlView.swift */; };
		3AA636E329B390EE006BB5EF /* ScreenSizeControlButton.swift in Sources */ = {isa = PBXBuildFile; fileRef = 3AA636E229B390EE006BB5EF /* ScreenSizeControlButton.swift */; };
		3AA636E529B391FF006BB5EF /* LiveMarkView.swift in Sources */ = {isa = PBXBuildFile; fileRef = 3AA636E429B391FF006BB5EF /* LiveMarkView.swift */; };
		3AA636E729B4C8CA006BB5EF /* SpotLiveCameraGradientView.swift in Sources */ = {isa = PBXBuildFile; fileRef = 3AA636E629B4C8CA006BB5EF /* SpotLiveCameraGradientView.swift */; };
		3AA636E929B4DE6D006BB5EF /* SpotLiveCameraStandbyView.swift in Sources */ = {isa = PBXBuildFile; fileRef = 3AA636E829B4DE6D006BB5EF /* SpotLiveCameraStandbyView.swift */; };
		3AD87FB228D892D300ABD2E4 /* InfoDescriptionView.swift in Sources */ = {isa = PBXBuildFile; fileRef = 3AD87FB128D892D300ABD2E4 /* InfoDescriptionView.swift */; };
		42600D5F28EF322500D114BC /* Settings.bundle in Resources */ = {isa = PBXBuildFile; fileRef = 42600D5E28EF322500D114BC /* Settings.bundle */; };
		5510CA4429E58FF200A1AF36 /* BbajiHomeViewModel.swift in Sources */ = {isa = PBXBuildFile; fileRef = 5510CA4329E58FF200A1AF36 /* BbajiHomeViewModel.swift */; };
		553F0F7D28E20DD600FD9CDA /* esamanru OTF Bold.otf in Resources */ = {isa = PBXBuildFile; fileRef = 553F0F7C28E20DCB00FD9CDA /* esamanru OTF Bold.otf */; };
		553F0F7E28E20DD800FD9CDA /* esamanru OTF Light.otf in Resources */ = {isa = PBXBuildFile; fileRef = 553F0F7A28E20DCB00FD9CDA /* esamanru OTF Light.otf */; };
		553F0F7F28E20DDA00FD9CDA /* esamanru OTF Medium.otf in Resources */ = {isa = PBXBuildFile; fileRef = 553F0F7B28E20DCB00FD9CDA /* esamanru OTF Medium.otf */; };
		553F0F8228E2100000FD9CDA /* UIFont+CustomFont.swift in Sources */ = {isa = PBXBuildFile; fileRef = 553F0F8128E2100000FD9CDA /* UIFont+CustomFont.swift */; };
		553F0F8C28E212B300FD9CDA /* Pretendard-Regular.otf in Resources */ = {isa = PBXBuildFile; fileRef = 553F0F8328E212B300FD9CDA /* Pretendard-Regular.otf */; };
		553F0F8D28E212B300FD9CDA /* Pretendard-SemiBold.otf in Resources */ = {isa = PBXBuildFile; fileRef = 553F0F8428E212B300FD9CDA /* Pretendard-SemiBold.otf */; };
		553F0F8E28E212B300FD9CDA /* Pretendard-Thin.otf in Resources */ = {isa = PBXBuildFile; fileRef = 553F0F8528E212B300FD9CDA /* Pretendard-Thin.otf */; };
		553F0F8F28E212B300FD9CDA /* Pretendard-Light.otf in Resources */ = {isa = PBXBuildFile; fileRef = 553F0F8628E212B300FD9CDA /* Pretendard-Light.otf */; };
		553F0F9028E212B300FD9CDA /* Pretendard-Black.otf in Resources */ = {isa = PBXBuildFile; fileRef = 553F0F8728E212B300FD9CDA /* Pretendard-Black.otf */; };
		553F0F9128E212B300FD9CDA /* Pretendard-Medium.otf in Resources */ = {isa = PBXBuildFile; fileRef = 553F0F8828E212B300FD9CDA /* Pretendard-Medium.otf */; };
		553F0F9228E212B300FD9CDA /* Pretendard-Bold.otf in Resources */ = {isa = PBXBuildFile; fileRef = 553F0F8928E212B300FD9CDA /* Pretendard-Bold.otf */; };
		553F0F9328E212B300FD9CDA /* Pretendard-ExtraBold.otf in Resources */ = {isa = PBXBuildFile; fileRef = 553F0F8A28E212B300FD9CDA /* Pretendard-ExtraBold.otf */; };
		553F0F9428E212B300FD9CDA /* Pretendard-ExtraLight.otf in Resources */ = {isa = PBXBuildFile; fileRef = 553F0F8B28E212B300FD9CDA /* Pretendard-ExtraLight.otf */; };
		553F0F9828E49DC200FD9CDA /* BbajiTitleView.swift in Sources */ = {isa = PBXBuildFile; fileRef = 553F0F9728E49DC200FD9CDA /* BbajiTitleView.swift */; };
		553F0F9A28E49DF800FD9CDA /* BbajiListView.swift in Sources */ = {isa = PBXBuildFile; fileRef = 553F0F9928E49DF800FD9CDA /* BbajiListView.swift */; };
		553F0F9F28E4AEA300FD9CDA /* BbajiListCell.swift in Sources */ = {isa = PBXBuildFile; fileRef = 553F0F9E28E4AEA300FD9CDA /* BbajiListCell.swift */; };
		553F0FA128E4C58600FD9CDA /* BbajiListCellShadowView.swift in Sources */ = {isa = PBXBuildFile; fileRef = 553F0FA028E4C58600FD9CDA /* BbajiListCellShadowView.swift */; };
		553F0FA328E4D5AA00FD9CDA /* BbajiListCellPreviewView.swift in Sources */ = {isa = PBXBuildFile; fileRef = 553F0FA228E4D5AA00FD9CDA /* BbajiListCellPreviewView.swift */; };
		553F0FA728E9E11E00FD9CDA /* Weather.swift in Sources */ = {isa = PBXBuildFile; fileRef = 553F0FA628E9E11E00FD9CDA /* Weather.swift */; };
		553F0FA928E9E80D00FD9CDA /* WeatherManager.swift in Sources */ = {isa = PBXBuildFile; fileRef = 553F0FA828E9E80D00FD9CDA /* WeatherManager.swift */; };
		558CECEA28DC64EF00AFCF50 /* UIColor+CustomColor.swift in Sources */ = {isa = PBXBuildFile; fileRef = 558CECE928DC64EF00AFCF50 /* UIColor+CustomColor.swift */; };
		558D99D929A5D8F900D633BF /* Constraints.swift in Sources */ = {isa = PBXBuildFile; fileRef = 558D99D829A5D8F900D633BF /* Constraints.swift */; };
		55CB0AA828BA4F9F0045644C /* AppDelegate.swift in Sources */ = {isa = PBXBuildFile; fileRef = 55CB0AA728BA4F9F0045644C /* AppDelegate.swift */; };
		55CB0AAA28BA4F9F0045644C /* SceneDelegate.swift in Sources */ = {isa = PBXBuildFile; fileRef = 55CB0AA928BA4F9F0045644C /* SceneDelegate.swift */; };
		55CB0AB128BA4FA10045644C /* Assets.xcassets in Resources */ = {isa = PBXBuildFile; fileRef = 55CB0AB028BA4FA10045644C /* Assets.xcassets */; };
		55CB0AB428BA4FA10045644C /* LaunchScreen.storyboard in Resources */ = {isa = PBXBuildFile; fileRef = 55CB0AB228BA4FA10045644C /* LaunchScreen.storyboard */; };
		55CB0ABC28BB41C60045644C /* BbajiHomeViewController.swift in Sources */ = {isa = PBXBuildFile; fileRef = 55CB0ABB28BB41C60045644C /* BbajiHomeViewController.swift */; };
		55F0AE6129BF5DE4003B5EEE /* Date+Weather.swift in Sources */ = {isa = PBXBuildFile; fileRef = 55F0AE6029BF5DE4003B5EEE /* Date+Weather.swift */; };
		55F0AE6529C04C50003B5EEE /* WeatherTime.swift in Sources */ = {isa = PBXBuildFile; fileRef = 55F0AE6429C04C50003B5EEE /* WeatherTime.swift */; };
		55F0AE7E29C1BC55003B5EEE /* BbajiHomeBackgroundImageView.swift in Sources */ = {isa = PBXBuildFile; fileRef = 55F0AE7D29C1BC55003B5EEE /* BbajiHomeBackgroundImageView.swift */; };
/* End PBXBuildFile section */

/* Begin PBXContainerItemProxy section */
		066579192A714BC700AA3852 /* PBXContainerItemProxy */ = {
			isa = PBXContainerItemProxy;
			containerPortal = 55CB0A9C28BA4F9F0045644C /* Project object */;
			proxyType = 1;
			remoteGlobalIDString = 55CB0AA328BA4F9F0045644C;
			remoteInfo = BJGG;
		};
/* End PBXContainerItemProxy section */

/* Begin PBXFileReference section */
		062064962A6D854C00B441CF /* WeatherDTO.swift */ = {isa = PBXFileReference; lastKnownFileType = sourcecode.swift; path = WeatherDTO.swift; sourceTree = "<group>"; };
		066579152A714BC700AA3852 /* BJGGTests.xctest */ = {isa = PBXFileReference; explicitFileType = wrapper.cfbundle; includeInIndex = 0; name = BJGGTests.xctest; path = "/Users/jaewoonglee/Documents/Develop/AppleDeveloperAcademy/GoToBBAGI/BJGG/BJGG/build/Debug-iphoneos/BJGGTests.xctest"; sourceTree = "<absolute>"; };
		066579172A714BC700AA3852 /* ForecastManagerTests.swift */ = {isa = PBXFileReference; lastKnownFileType = sourcecode.swift; path = ForecastManagerTests.swift; sourceTree = "<group>"; };
		0665799E2A77F39200AA3852 /* StubWeather.swift */ = {isa = PBXFileReference; lastKnownFileType = sourcecode.swift; path = StubWeather.swift; sourceTree = "<group>"; };
		06B1AFE82A6EA5F700CA712A /* ForecastManager.swift */ = {isa = PBXFileReference; lastKnownFileType = sourcecode.swift; path = ForecastManager.swift; sourceTree = "<group>"; };
		06B1AFEB2A6EA8D400CA712A /* ComputableWeather.swift */ = {isa = PBXFileReference; lastKnownFileType = sourcecode.swift; path = ComputableWeather.swift; sourceTree = "<group>"; };
		3A124ABB28DA037500D0EAA1 /* SpotTodayWeatherCollectionViewCell.swift */ = {isa = PBXFileReference; lastKnownFileType = sourcecode.swift; path = SpotTodayWeatherCollectionViewCell.swift; sourceTree = "<group>"; };
		3A1D45C12A46A66900DFA036 /* SpotLiveCameraViewModel.swift */ = {isa = PBXFileReference; lastKnownFileType = sourcecode.swift; path = SpotLiveCameraViewModel.swift; sourceTree = "<group>"; };
		3A1D45C32A46B94900DFA036 /* SpotWeatherViewModel.swift */ = {isa = PBXFileReference; lastKnownFileType = sourcecode.swift; path = SpotWeatherViewModel.swift; sourceTree = "<group>"; };
		3A1D45C52A46C2FC00DFA036 /* SpotInfoViewModel.swift */ = {isa = PBXFileReference; lastKnownFileType = sourcecode.swift; path = SpotInfoViewModel.swift; sourceTree = "<group>"; };
		3A396BBF29CC4D1C009B0545 /* NetworkManager.swift */ = {isa = PBXFileReference; lastKnownFileType = sourcecode.swift; path = NetworkManager.swift; sourceTree = "<group>"; };
		3A4A81F828EDB47600D1FA20 /* SpotWeatherAPIInfoView.swift */ = {isa = PBXFileReference; lastKnownFileType = sourcecode.swift; path = SpotWeatherAPIInfoView.swift; sourceTree = "<group>"; };
		3A53021729DC272300888CFA /* SpotViewModel.swift */ = {isa = PBXFileReference; lastKnownFileType = sourcecode.swift; path = SpotViewModel.swift; sourceTree = "<group>"; };
		3A53021929DC649B00888CFA /* Combine+GestureRecognizer.swift */ = {isa = PBXFileReference; lastKnownFileType = sourcecode.swift; path = "Combine+GestureRecognizer.swift"; sourceTree = "<group>"; };
		3A53021B29DC64D400888CFA /* UIView+.swift */ = {isa = PBXFileReference; lastKnownFileType = sourcecode.swift; path = "UIView+.swift"; sourceTree = "<group>"; };
		3A53022229DD9EB500888CFA /* WeatherData.swift */ = {isa = PBXFileReference; lastKnownFileType = sourcecode.swift; path = WeatherData.swift; sourceTree = "<group>"; };
		3A53022429DD9ED800888CFA /* ScreenSizeStatus.swift */ = {isa = PBXFileReference; lastKnownFileType = sourcecode.swift; path = ScreenSizeStatus.swift; sourceTree = "<group>"; };
		3A53022629DD9EEC00888CFA /* ControlStatus.swift */ = {isa = PBXFileReference; lastKnownFileType = sourcecode.swift; path = ControlStatus.swift; sourceTree = "<group>"; };
		3A53022829DD9EF700888CFA /* PlayStatus.swift */ = {isa = PBXFileReference; lastKnownFileType = sourcecode.swift; path = PlayStatus.swift; sourceTree = "<group>"; };
		3A5E18F228E4570000CBEDE3 /* UILabel+CopyLabelText.swift */ = {isa = PBXFileReference; lastKnownFileType = sourcecode.swift; path = "UILabel+CopyLabelText.swift"; sourceTree = "<group>"; };
		3A5E18F428E8A89F00CBEDE3 /* UIDevice+DeviceCheck.swift */ = {isa = PBXFileReference; lastKnownFileType = sourcecode.swift; path = "UIDevice+DeviceCheck.swift"; sourceTree = "<group>"; };
		3A701F862A5AC53800D6913A /* Private.xcconfig */ = {isa = PBXFileReference; fileEncoding = 4; lastKnownFileType = text.xcconfig; path = Private.xcconfig; sourceTree = "<group>"; };
		3A7E3BDE28D748B000F6416A /* BbajiInfo.swift */ = {isa = PBXFileReference; lastKnownFileType = sourcecode.swift; path = BbajiInfo.swift; sourceTree = "<group>"; };
		3A7E3BE228D7663300F6416A /* BbajiSpotViewController.swift */ = {isa = PBXFileReference; lastKnownFileType = sourcecode.swift; path = BbajiSpotViewController.swift; sourceTree = "<group>"; };
		3A7E3BE428D766D700F6416A /* SpotLiveCameraView.swift */ = {isa = PBXFileReference; lastKnownFileType = sourcecode.swift; path = SpotLiveCameraView.swift; sourceTree = "<group>"; };
		3A7E3BE628D766EC00F6416A /* SpotWeatherInfoView.swift */ = {isa = PBXFileReference; lastKnownFileType = sourcecode.swift; path = SpotWeatherInfoView.swift; sourceTree = "<group>"; };
		3A7E3BE828D7670000F6416A /* SpotInfoView.swift */ = {isa = PBXFileReference; lastKnownFileType = sourcecode.swift; path = SpotInfoView.swift; sourceTree = "<group>"; };
		3AA6369F29A65F3F006BB5EF /* XCConfigError.swift */ = {isa = PBXFileReference; lastKnownFileType = sourcecode.swift; path = XCConfigError.swift; sourceTree = "<group>"; };
		3AA636E029B390B6006BB5EF /* SpotLiveCameraControlView.swift */ = {isa = PBXFileReference; lastKnownFileType = sourcecode.swift; path = SpotLiveCameraControlView.swift; sourceTree = "<group>"; };
		3AA636E229B390EE006BB5EF /* ScreenSizeControlButton.swift */ = {isa = PBXFileReference; lastKnownFileType = sourcecode.swift; path = ScreenSizeControlButton.swift; sourceTree = "<group>"; };
		3AA636E429B391FF006BB5EF /* LiveMarkView.swift */ = {isa = PBXFileReference; lastKnownFileType = sourcecode.swift; path = LiveMarkView.swift; sourceTree = "<group>"; };
		3AA636E629B4C8CA006BB5EF /* SpotLiveCameraGradientView.swift */ = {isa = PBXFileReference; lastKnownFileType = sourcecode.swift; path = SpotLiveCameraGradientView.swift; sourceTree = "<group>"; };
		3AA636E829B4DE6D006BB5EF /* SpotLiveCameraStandbyView.swift */ = {isa = PBXFileReference; lastKnownFileType = sourcecode.swift; path = SpotLiveCameraStandbyView.swift; sourceTree = "<group>"; };
		3AD87FB128D892D300ABD2E4 /* InfoDescriptionView.swift */ = {isa = PBXFileReference; lastKnownFileType = sourcecode.swift; path = InfoDescriptionView.swift; sourceTree = "<group>"; };
		42600D5E28EF322500D114BC /* Settings.bundle */ = {isa = PBXFileReference; lastKnownFileType = "wrapper.plug-in"; path = Settings.bundle; sourceTree = "<group>"; };
		5510CA4329E58FF200A1AF36 /* BbajiHomeViewModel.swift */ = {isa = PBXFileReference; lastKnownFileType = sourcecode.swift; path = BbajiHomeViewModel.swift; sourceTree = "<group>"; };
		553F0F7A28E20DCB00FD9CDA /* esamanru OTF Light.otf */ = {isa = PBXFileReference; lastKnownFileType = file; path = "esamanru OTF Light.otf"; sourceTree = "<group>"; };
		553F0F7B28E20DCB00FD9CDA /* esamanru OTF Medium.otf */ = {isa = PBXFileReference; lastKnownFileType = file; path = "esamanru OTF Medium.otf"; sourceTree = "<group>"; };
		553F0F7C28E20DCB00FD9CDA /* esamanru OTF Bold.otf */ = {isa = PBXFileReference; lastKnownFileType = file; path = "esamanru OTF Bold.otf"; sourceTree = "<group>"; };
		553F0F8128E2100000FD9CDA /* UIFont+CustomFont.swift */ = {isa = PBXFileReference; lastKnownFileType = sourcecode.swift; path = "UIFont+CustomFont.swift"; sourceTree = "<group>"; };
		553F0F8328E212B300FD9CDA /* Pretendard-Regular.otf */ = {isa = PBXFileReference; lastKnownFileType = file; path = "Pretendard-Regular.otf"; sourceTree = "<group>"; };
		553F0F8428E212B300FD9CDA /* Pretendard-SemiBold.otf */ = {isa = PBXFileReference; lastKnownFileType = file; path = "Pretendard-SemiBold.otf"; sourceTree = "<group>"; };
		553F0F8528E212B300FD9CDA /* Pretendard-Thin.otf */ = {isa = PBXFileReference; lastKnownFileType = file; path = "Pretendard-Thin.otf"; sourceTree = "<group>"; };
		553F0F8628E212B300FD9CDA /* Pretendard-Light.otf */ = {isa = PBXFileReference; lastKnownFileType = file; path = "Pretendard-Light.otf"; sourceTree = "<group>"; };
		553F0F8728E212B300FD9CDA /* Pretendard-Black.otf */ = {isa = PBXFileReference; lastKnownFileType = file; path = "Pretendard-Black.otf"; sourceTree = "<group>"; };
		553F0F8828E212B300FD9CDA /* Pretendard-Medium.otf */ = {isa = PBXFileReference; lastKnownFileType = file; path = "Pretendard-Medium.otf"; sourceTree = "<group>"; };
		553F0F8928E212B300FD9CDA /* Pretendard-Bold.otf */ = {isa = PBXFileReference; lastKnownFileType = file; path = "Pretendard-Bold.otf"; sourceTree = "<group>"; };
		553F0F8A28E212B300FD9CDA /* Pretendard-ExtraBold.otf */ = {isa = PBXFileReference; lastKnownFileType = file; path = "Pretendard-ExtraBold.otf"; sourceTree = "<group>"; };
		553F0F8B28E212B300FD9CDA /* Pretendard-ExtraLight.otf */ = {isa = PBXFileReference; lastKnownFileType = file; path = "Pretendard-ExtraLight.otf"; sourceTree = "<group>"; };
		553F0F9728E49DC200FD9CDA /* BbajiTitleView.swift */ = {isa = PBXFileReference; lastKnownFileType = sourcecode.swift; path = BbajiTitleView.swift; sourceTree = "<group>"; };
		553F0F9928E49DF800FD9CDA /* BbajiListView.swift */ = {isa = PBXFileReference; lastKnownFileType = sourcecode.swift; path = BbajiListView.swift; sourceTree = "<group>"; };
		553F0F9E28E4AEA300FD9CDA /* BbajiListCell.swift */ = {isa = PBXFileReference; lastKnownFileType = sourcecode.swift; path = BbajiListCell.swift; sourceTree = "<group>"; };
		553F0FA028E4C58600FD9CDA /* BbajiListCellShadowView.swift */ = {isa = PBXFileReference; lastKnownFileType = sourcecode.swift; path = BbajiListCellShadowView.swift; sourceTree = "<group>"; };
		553F0FA228E4D5AA00FD9CDA /* BbajiListCellPreviewView.swift */ = {isa = PBXFileReference; lastKnownFileType = sourcecode.swift; path = BbajiListCellPreviewView.swift; sourceTree = "<group>"; };
		553F0FA628E9E11E00FD9CDA /* Weather.swift */ = {isa = PBXFileReference; lastKnownFileType = sourcecode.swift; path = Weather.swift; sourceTree = "<group>"; };
		553F0FA828E9E80D00FD9CDA /* WeatherManager.swift */ = {isa = PBXFileReference; lastKnownFileType = sourcecode.swift; path = WeatherManager.swift; sourceTree = "<group>"; };
		558CECE928DC64EF00AFCF50 /* UIColor+CustomColor.swift */ = {isa = PBXFileReference; lastKnownFileType = sourcecode.swift; path = "UIColor+CustomColor.swift"; sourceTree = "<group>"; };
		558D99D829A5D8F900D633BF /* Constraints.swift */ = {isa = PBXFileReference; lastKnownFileType = sourcecode.swift; path = Constraints.swift; sourceTree = "<group>"; };
		55CB0AA428BA4F9F0045644C /* BJGG.app */ = {isa = PBXFileReference; explicitFileType = wrapper.application; includeInIndex = 0; name = BJGG.app; path = "/Users/jaewoonglee/Documents/Develop/AppleDeveloperAcademy/GoToBBAGI/BJGG/BJGG/build/Debug-iphoneos/BJGG.app"; sourceTree = "<absolute>"; };
		55CB0AA728BA4F9F0045644C /* AppDelegate.swift */ = {isa = PBXFileReference; lastKnownFileType = sourcecode.swift; path = AppDelegate.swift; sourceTree = "<group>"; };
		55CB0AA928BA4F9F0045644C /* SceneDelegate.swift */ = {isa = PBXFileReference; lastKnownFileType = sourcecode.swift; path = SceneDelegate.swift; sourceTree = "<group>"; };
		55CB0AB028BA4FA10045644C /* Assets.xcassets */ = {isa = PBXFileReference; lastKnownFileType = folder.assetcatalog; path = Assets.xcassets; sourceTree = "<group>"; };
		55CB0AB328BA4FA10045644C /* Base */ = {isa = PBXFileReference; lastKnownFileType = file.storyboard; name = Base; path = Base.lproj/LaunchScreen.storyboard; sourceTree = "<group>"; };
		55CB0AB528BA4FA10045644C /* Info.plist */ = {isa = PBXFileReference; lastKnownFileType = text.plist.xml; path = Info.plist; sourceTree = "<group>"; };
		55CB0ABB28BB41C60045644C /* BbajiHomeViewController.swift */ = {isa = PBXFileReference; lastKnownFileType = sourcecode.swift; path = BbajiHomeViewController.swift; sourceTree = "<group>"; };
		55F0AE6029BF5DE4003B5EEE /* Date+Weather.swift */ = {isa = PBXFileReference; lastKnownFileType = sourcecode.swift; path = "Date+Weather.swift"; sourceTree = "<group>"; };
		55F0AE6429C04C50003B5EEE /* WeatherTime.swift */ = {isa = PBXFileReference; lastKnownFileType = sourcecode.swift; path = WeatherTime.swift; sourceTree = "<group>"; };
		55F0AE7D29C1BC55003B5EEE /* BbajiHomeBackgroundImageView.swift */ = {isa = PBXFileReference; lastKnownFileType = sourcecode.swift; path = BbajiHomeBackgroundImageView.swift; sourceTree = "<group>"; };
/* End PBXFileReference section */

/* Begin PBXFrameworksBuildPhase section */
		066579122A714BC700AA3852 /* Frameworks */ = {
			isa = PBXFrameworksBuildPhase;
			buildActionMask = 2147483647;
			files = (
				066579A72A77F50A00AA3852 /* CombineCocoa in Frameworks */,
			);
			runOnlyForDeploymentPostprocessing = 0;
		};
		55CB0AA128BA4F9F0045644C /* Frameworks */ = {
			isa = PBXFrameworksBuildPhase;
			buildActionMask = 2147483647;
			files = (
				3A53021629DC26CA00888CFA /* CombineCocoa in Frameworks */,
				3A7E3BDA28D739CF00F6416A /* SnapKit in Frameworks */,
			);
			runOnlyForDeploymentPostprocessing = 0;
		};
/* End PBXFrameworksBuildPhase section */

/* Begin PBXGroup section */
		066579162A714BC700AA3852 /* BJGGTests */ = {
			isa = PBXGroup;
			children = (
				066579202A7287B900AA3852 /* Stub */,
				066579172A714BC700AA3852 /* ForecastManagerTests.swift */,
			);
			path = BJGGTests;
			sourceTree = "<group>";
		};
		066579202A7287B900AA3852 /* Stub */ = {
			isa = PBXGroup;
			children = (
				0665799E2A77F39200AA3852 /* StubWeather.swift */,
			);
			path = Stub;
			sourceTree = "<group>";
		};
		066579A52A77F50A00AA3852 /* Frameworks */ = {
			isa = PBXGroup;
			children = (
			);
			name = Frameworks;
			sourceTree = "<group>";
		};
		06B1AFE72A6EA59D00CA712A /* Entities */ = {
			isa = PBXGroup;
			children = (
				062064962A6D854C00B441CF /* WeatherDTO.swift */,
			);
			path = Entities;
			sourceTree = "<group>";
		};
		3A53022129DD9EA200888CFA /* BbajiSpot */ = {
			isa = PBXGroup;
			children = (
				3A53022229DD9EB500888CFA /* WeatherData.swift */,
				3A53022429DD9ED800888CFA /* ScreenSizeStatus.swift */,
				3A53022629DD9EEC00888CFA /* ControlStatus.swift */,
				3A53022829DD9EF700888CFA /* PlayStatus.swift */,
			);
			path = BbajiSpot;
			sourceTree = "<group>";
		};
		3A7E3BDB28D7427E00F6416A /* Model */ = {
			isa = PBXGroup;
			children = (
				3A53022129DD9EA200888CFA /* BbajiSpot */,
				3A7E3BDE28D748B000F6416A /* BbajiInfo.swift */,
				553F0FA628E9E11E00FD9CDA /* Weather.swift */,
				55F0AE6429C04C50003B5EEE /* WeatherTime.swift */,
				3AA6369F29A65F3F006BB5EF /* XCConfigError.swift */,
			);
			path = Model;
			sourceTree = "<group>";
		};
		3A7E3BE028D7657800F6416A /* BbajiSpot */ = {
			isa = PBXGroup;
			children = (
				3A1D45C32A46B94900DFA036 /* SpotWeatherViewModel.swift */,
				3A1D45C12A46A66900DFA036 /* SpotLiveCameraViewModel.swift */,
				3A53021729DC272300888CFA /* SpotViewModel.swift */,
				3A1D45C52A46C2FC00DFA036 /* SpotInfoViewModel.swift */,
				3A7E3BE128D765B500F6416A /* UI Component */,
				3A7E3BE228D7663300F6416A /* BbajiSpotViewController.swift */,
			);
			path = BbajiSpot;
			sourceTree = "<group>";
		};
		3A7E3BE128D765B500F6416A /* UI Component */ = {
			isa = PBXGroup;
			children = (
				3A7E3BE428D766D700F6416A /* SpotLiveCameraView.swift */,
				3AA636E829B4DE6D006BB5EF /* SpotLiveCameraStandbyView.swift */,
				3AA636E029B390B6006BB5EF /* SpotLiveCameraControlView.swift */,
				3AA636E629B4C8CA006BB5EF /* SpotLiveCameraGradientView.swift */,
				3AA636E229B390EE006BB5EF /* ScreenSizeControlButton.swift */,
				3AA636E429B391FF006BB5EF /* LiveMarkView.swift */,
				3A7E3BE828D7670000F6416A /* SpotInfoView.swift */,
				3AD87FB128D892D300ABD2E4 /* InfoDescriptionView.swift */,
				3A7E3BE628D766EC00F6416A /* SpotWeatherInfoView.swift */,
				3A4A81F828EDB47600D1FA20 /* SpotWeatherAPIInfoView.swift */,
				3A124ABB28DA037500D0EAA1 /* SpotTodayWeatherCollectionViewCell.swift */,
			);
			path = "UI Component";
			sourceTree = "<group>";
		};
		553F0F6E28E2090300FD9CDA /* Fonts */ = {
			isa = PBXGroup;
			children = (
				553F0F9528E2144600FD9CDA /* Pretendard */,
				553F0F8028E20E7000FD9CDA /* EsamanruOTF */,
			);
			path = Fonts;
			sourceTree = "<group>";
		};
		553F0F8028E20E7000FD9CDA /* EsamanruOTF */ = {
			isa = PBXGroup;
			children = (
				553F0F7C28E20DCB00FD9CDA /* esamanru OTF Bold.otf */,
				553F0F7A28E20DCB00FD9CDA /* esamanru OTF Light.otf */,
				553F0F7B28E20DCB00FD9CDA /* esamanru OTF Medium.otf */,
			);
			path = EsamanruOTF;
			sourceTree = "<group>";
		};
		553F0F9528E2144600FD9CDA /* Pretendard */ = {
			isa = PBXGroup;
			children = (
				553F0F8728E212B300FD9CDA /* Pretendard-Black.otf */,
				553F0F8928E212B300FD9CDA /* Pretendard-Bold.otf */,
				553F0F8A28E212B300FD9CDA /* Pretendard-ExtraBold.otf */,
				553F0F8B28E212B300FD9CDA /* Pretendard-ExtraLight.otf */,
				553F0F8628E212B300FD9CDA /* Pretendard-Light.otf */,
				553F0F8828E212B300FD9CDA /* Pretendard-Medium.otf */,
				553F0F8328E212B300FD9CDA /* Pretendard-Regular.otf */,
				553F0F8428E212B300FD9CDA /* Pretendard-SemiBold.otf */,
				553F0F8528E212B300FD9CDA /* Pretendard-Thin.otf */,
			);
			path = Pretendard;
			sourceTree = "<group>";
		};
		553F0F9628E49D7F00FD9CDA /* BbajiHome */ = {
			isa = PBXGroup;
			children = (
				55CB0ABB28BB41C60045644C /* BbajiHomeViewController.swift */,
				5510CA4329E58FF200A1AF36 /* BbajiHomeViewModel.swift */,
				553F0F9B28E49E2900FD9CDA /* UI Component */,
			);
			path = BbajiHome;
			sourceTree = "<group>";
		};
		553F0F9B28E49E2900FD9CDA /* UI Component */ = {
			isa = PBXGroup;
			children = (
				553F0F9728E49DC200FD9CDA /* BbajiTitleView.swift */,
				55F0AE8729C44C59003B5EEE /* BbajiListView */,
				55F0AE7D29C1BC55003B5EEE /* BbajiHomeBackgroundImageView.swift */,
			);
			path = "UI Component";
			sourceTree = "<group>";
		};
		558CECEB28DC64FC00AFCF50 /* Extension */ = {
			isa = PBXGroup;
			children = (
				558CECE928DC64EF00AFCF50 /* UIColor+CustomColor.swift */,
				553F0F8128E2100000FD9CDA /* UIFont+CustomFont.swift */,
				3A5E18F228E4570000CBEDE3 /* UILabel+CopyLabelText.swift */,
				3A5E18F428E8A89F00CBEDE3 /* UIDevice+DeviceCheck.swift */,
				55F0AE6029BF5DE4003B5EEE /* Date+Weather.swift */,
				3A53021B29DC64D400888CFA /* UIView+.swift */,
			);
			path = Extension;
			sourceTree = "<group>";
		};
		558D99DA29A5D8FE00D633BF /* Utilities */ = {
			isa = PBXGroup;
			children = (
				06B1AFE82A6EA5F700CA712A /* ForecastManager.swift */,
				06B1AFEB2A6EA8D400CA712A /* ComputableWeather.swift */,
				558D99D829A5D8F900D633BF /* Constraints.swift */,
				3A53021929DC649B00888CFA /* Combine+GestureRecognizer.swift */,
			);
			path = Utilities;
			sourceTree = "<group>";
		};
		558D99DB29A5FF1800D633BF /* Network */ = {
			isa = PBXGroup;
			children = (
				553F0FA828E9E80D00FD9CDA /* WeatherManager.swift */,
				3A396BBF29CC4D1C009B0545 /* NetworkManager.swift */,
			);
			path = Network;
			sourceTree = "<group>";
		};
		55CB0A9B28BA4F9F0045644C = {
			isa = PBXGroup;
			children = (
				42600D5E28EF322500D114BC /* Settings.bundle */,
				55CB0AA628BA4F9F0045644C /* BJGG */,
				066579162A714BC700AA3852 /* BJGGTests */,
				066579A52A77F50A00AA3852 /* Frameworks */,
			);
			sourceTree = "<group>";
		};
		55CB0AA628BA4F9F0045644C /* BJGG */ = {
			isa = PBXGroup;
			children = (
				553F0F6E28E2090300FD9CDA /* Fonts */,
				558CECEB28DC64FC00AFCF50 /* Extension */,
				3A7E3BE028D7657800F6416A /* BbajiSpot */,
				553F0F9628E49D7F00FD9CDA /* BbajiHome */,
				3A7E3BDB28D7427E00F6416A /* Model */,
				558D99DB29A5FF1800D633BF /* Network */,
				06B1AFE72A6EA59D00CA712A /* Entities */,
				558D99DA29A5D8FE00D633BF /* Utilities */,
				55CB0AA728BA4F9F0045644C /* AppDelegate.swift */,
				55CB0AA928BA4F9F0045644C /* SceneDelegate.swift */,
				55CB0AB028BA4FA10045644C /* Assets.xcassets */,
				55CB0AB228BA4FA10045644C /* LaunchScreen.storyboard */,
				55CB0AB528BA4FA10045644C /* Info.plist */,
				3A701F862A5AC53800D6913A /* Private.xcconfig */,
			);
			path = BJGG;
			sourceTree = "<group>";
		};
		55F0AE8729C44C59003B5EEE /* BbajiListView */ = {
			isa = PBXGroup;
			children = (
				553F0F9928E49DF800FD9CDA /* BbajiListView.swift */,
				553F0F9E28E4AEA300FD9CDA /* BbajiListCell.swift */,
				553F0FA028E4C58600FD9CDA /* BbajiListCellShadowView.swift */,
				553F0FA228E4D5AA00FD9CDA /* BbajiListCellPreviewView.swift */,
			);
			path = BbajiListView;
			sourceTree = "<group>";
		};
/* End PBXGroup section */

/* Begin PBXNativeTarget section */
		066579142A714BC700AA3852 /* BJGGTests */ = {
			isa = PBXNativeTarget;
			buildConfigurationList = 0665791B2A714BC700AA3852 /* Build configuration list for PBXNativeTarget "BJGGTests" */;
			buildPhases = (
				066579112A714BC700AA3852 /* Sources */,
				066579122A714BC700AA3852 /* Frameworks */,
				066579132A714BC700AA3852 /* Resources */,
			);
			buildRules = (
			);
			dependencies = (
				0665791A2A714BC700AA3852 /* PBXTargetDependency */,
			);
			name = BJGGTests;
			packageProductDependencies = (
				066579A62A77F50A00AA3852 /* CombineCocoa */,
			);
			productName = BJGGTests;
			productReference = 066579152A714BC700AA3852 /* BJGGTests.xctest */;
			productType = "com.apple.product-type.bundle.unit-test";
		};
		55CB0AA328BA4F9F0045644C /* BJGG */ = {
			isa = PBXNativeTarget;
			buildConfigurationList = 55CB0AB828BA4FA10045644C /* Build configuration list for PBXNativeTarget "BJGG" */;
			buildPhases = (
				55CB0AA028BA4F9F0045644C /* Sources */,
				55CB0AA128BA4F9F0045644C /* Frameworks */,
				55CB0AA228BA4F9F0045644C /* Resources */,
			);
			buildRules = (
			);
			dependencies = (
			);
			name = BJGG;
			packageProductDependencies = (
				3A7E3BD928D739CF00F6416A /* SnapKit */,
				3A53021529DC26CA00888CFA /* CombineCocoa */,
			);
			productName = BJGG;
			productReference = 55CB0AA428BA4F9F0045644C /* BJGG.app */;
			productType = "com.apple.product-type.application";
		};
/* End PBXNativeTarget section */

/* Begin PBXProject section */
		55CB0A9C28BA4F9F0045644C /* Project object */ = {
			isa = PBXProject;
			attributes = {
				BuildIndependentTargetsInParallel = 1;
				LastSwiftUpdateCheck = 1430;
				LastUpgradeCheck = 1340;
				TargetAttributes = {
					066579142A714BC700AA3852 = {
						CreatedOnToolsVersion = 14.3.1;
						TestTargetID = 55CB0AA328BA4F9F0045644C;
					};
					55CB0AA328BA4F9F0045644C = {
						CreatedOnToolsVersion = 13.4.1;
					};
				};
			};
			buildConfigurationList = 55CB0A9F28BA4F9F0045644C /* Build configuration list for PBXProject "BJGG" */;
			compatibilityVersion = "Xcode 13.0";
			developmentRegion = ko;
			hasScannedForEncodings = 0;
			knownRegions = (
				ko,
				Base,
			);
			mainGroup = 55CB0A9B28BA4F9F0045644C;
			packageReferences = (
				3A7E3BD828D739CF00F6416A /* XCRemoteSwiftPackageReference "SnapKit" */,
				3A53021429DC26CA00888CFA /* XCRemoteSwiftPackageReference "CombineCocoa" */,
			);
			productRefGroup = 55CB0A9B28BA4F9F0045644C;
			projectDirPath = "";
			projectRoot = "";
			targets = (
				55CB0AA328BA4F9F0045644C /* BJGG */,
				066579142A714BC700AA3852 /* BJGGTests */,
			);
		};
/* End PBXProject section */

/* Begin PBXResourcesBuildPhase section */
		066579132A714BC700AA3852 /* Resources */ = {
			isa = PBXResourcesBuildPhase;
			buildActionMask = 2147483647;
			files = (
			);
			runOnlyForDeploymentPostprocessing = 0;
		};
		55CB0AA228BA4F9F0045644C /* Resources */ = {
			isa = PBXResourcesBuildPhase;
			buildActionMask = 2147483647;
			files = (
				42600D5F28EF322500D114BC /* Settings.bundle in Resources */,
				553F0F9428E212B300FD9CDA /* Pretendard-ExtraLight.otf in Resources */,
				553F0F7F28E20DDA00FD9CDA /* esamanru OTF Medium.otf in Resources */,
				553F0F9228E212B300FD9CDA /* Pretendard-Bold.otf in Resources */,
				553F0F8C28E212B300FD9CDA /* Pretendard-Regular.otf in Resources */,
				553F0F8D28E212B300FD9CDA /* Pretendard-SemiBold.otf in Resources */,
				553F0F8E28E212B300FD9CDA /* Pretendard-Thin.otf in Resources */,
				553F0F9028E212B300FD9CDA /* Pretendard-Black.otf in Resources */,
				55CB0AB428BA4FA10045644C /* LaunchScreen.storyboard in Resources */,
				553F0F7D28E20DD600FD9CDA /* esamanru OTF Bold.otf in Resources */,
				3A701F872A5AC53800D6913A /* Private.xcconfig in Resources */,
				553F0F7E28E20DD800FD9CDA /* esamanru OTF Light.otf in Resources */,
				553F0F9328E212B300FD9CDA /* Pretendard-ExtraBold.otf in Resources */,
				55CB0AB128BA4FA10045644C /* Assets.xcassets in Resources */,
				553F0F8F28E212B300FD9CDA /* Pretendard-Light.otf in Resources */,
				553F0F9128E212B300FD9CDA /* Pretendard-Medium.otf in Resources */,
			);
			runOnlyForDeploymentPostprocessing = 0;
		};
/* End PBXResourcesBuildPhase section */

/* Begin PBXSourcesBuildPhase section */
		066579112A714BC700AA3852 /* Sources */ = {
			isa = PBXSourcesBuildPhase;
			buildActionMask = 2147483647;
			files = (
				0665799F2A77F39200AA3852 /* StubWeather.swift in Sources */,
				066579182A714BC700AA3852 /* ForecastManagerTests.swift in Sources */,
			);
			runOnlyForDeploymentPostprocessing = 0;
		};
		55CB0AA028BA4F9F0045644C /* Sources */ = {
			isa = PBXSourcesBuildPhase;
			buildActionMask = 2147483647;
			files = (
				553F0FA728E9E11E00FD9CDA /* Weather.swift in Sources */,
				3A7E3BE528D766D700F6416A /* SpotLiveCameraView.swift in Sources */,
				3A7E3BE328D7663300F6416A /* BbajiSpotViewController.swift in Sources */,
				553F0FA128E4C58600FD9CDA /* BbajiListCellShadowView.swift in Sources */,
				3AA636E929B4DE6D006BB5EF /* SpotLiveCameraStandbyView.swift in Sources */,
				55F0AE6129BF5DE4003B5EEE /* Date+Weather.swift in Sources */,
				3A53022329DD9EB500888CFA /* WeatherData.swift in Sources */,
				55CB0ABC28BB41C60045644C /* BbajiHomeViewController.swift in Sources */,
				553F0FA328E4D5AA00FD9CDA /* BbajiListCellPreviewView.swift in Sources */,
				3AA636E529B391FF006BB5EF /* LiveMarkView.swift in Sources */,
				066579A92A7D1D4000AA3852 /* StubWeather.swift in Sources */,
				558D99D929A5D8F900D633BF /* Constraints.swift in Sources */,
				3A53021829DC272300888CFA /* SpotViewModel.swift in Sources */,
				3A53022529DD9ED800888CFA /* ScreenSizeStatus.swift in Sources */,
				558CECEA28DC64EF00AFCF50 /* UIColor+CustomColor.swift in Sources */,
				3AD87FB228D892D300ABD2E4 /* InfoDescriptionView.swift in Sources */,
				55CB0AA828BA4F9F0045644C /* AppDelegate.swift in Sources */,
				06B1AFE92A6EA5F700CA712A /* ForecastManager.swift in Sources */,
				3A124ABC28DA037500D0EAA1 /* SpotTodayWeatherCollectionViewCell.swift in Sources */,
				3AA636E129B390B6006BB5EF /* SpotLiveCameraControlView.swift in Sources */,
				3A396BC029CC4D1C009B0545 /* NetworkManager.swift in Sources */,
				06B1AFEC2A6EA8D400CA712A /* ComputableWeather.swift in Sources */,
				553F0F8228E2100000FD9CDA /* UIFont+CustomFont.swift in Sources */,
				3A7E3BE928D7670000F6416A /* SpotInfoView.swift in Sources */,
				3AA636E329B390EE006BB5EF /* ScreenSizeControlButton.swift in Sources */,
				062064972A6D854C00B441CF /* WeatherDTO.swift in Sources */,
				3A53022929DD9EF700888CFA /* PlayStatus.swift in Sources */,
				3A4A81F928EDB47600D1FA20 /* SpotWeatherAPIInfoView.swift in Sources */,
				553F0F9828E49DC200FD9CDA /* BbajiTitleView.swift in Sources */,
				3AA636A029A65F3F006BB5EF /* XCConfigError.swift in Sources */,
				3A53022729DD9EEC00888CFA /* ControlStatus.swift in Sources */,
				3A5E18F328E4570000CBEDE3 /* UILabel+CopyLabelText.swift in Sources */,
				3A53021C29DC64D400888CFA /* UIView+.swift in Sources */,
				3A1D45C62A46C2FC00DFA036 /* SpotInfoViewModel.swift in Sources */,
				3A1D45C22A46A66900DFA036 /* SpotLiveCameraViewModel.swift in Sources */,
				3A5E18F528E8A8A000CBEDE3 /* UIDevice+DeviceCheck.swift in Sources */,
				55F0AE6529C04C50003B5EEE /* WeatherTime.swift in Sources */,
				3A7E3BE728D766EC00F6416A /* SpotWeatherInfoView.swift in Sources */,
				553F0FA928E9E80D00FD9CDA /* WeatherManager.swift in Sources */,
				3A7E3BDF28D748B000F6416A /* BbajiInfo.swift in Sources */,
				5510CA4429E58FF200A1AF36 /* BbajiHomeViewModel.swift in Sources */,
				553F0F9A28E49DF800FD9CDA /* BbajiListView.swift in Sources */,
				3AA636E729B4C8CA006BB5EF /* SpotLiveCameraGradientView.swift in Sources */,
				3A53021A29DC649B00888CFA /* Combine+GestureRecognizer.swift in Sources */,
				55CB0AAA28BA4F9F0045644C /* SceneDelegate.swift in Sources */,
				553F0F9F28E4AEA300FD9CDA /* BbajiListCell.swift in Sources */,
				3A1D45C42A46B94900DFA036 /* SpotWeatherViewModel.swift in Sources */,
				55F0AE7E29C1BC55003B5EEE /* BbajiHomeBackgroundImageView.swift in Sources */,
			);
			runOnlyForDeploymentPostprocessing = 0;
		};
/* End PBXSourcesBuildPhase section */

/* Begin PBXTargetDependency section */
		0665791A2A714BC700AA3852 /* PBXTargetDependency */ = {
			isa = PBXTargetDependency;
			target = 55CB0AA328BA4F9F0045644C /* BJGG */;
			targetProxy = 066579192A714BC700AA3852 /* PBXContainerItemProxy */;
		};
/* End PBXTargetDependency section */

/* Begin PBXVariantGroup section */
		55CB0AB228BA4FA10045644C /* LaunchScreen.storyboard */ = {
			isa = PBXVariantGroup;
			children = (
				55CB0AB328BA4FA10045644C /* Base */,
			);
			name = LaunchScreen.storyboard;
			sourceTree = "<group>";
		};
/* End PBXVariantGroup section */

/* Begin XCBuildConfiguration section */
		0665791C2A714BC700AA3852 /* Debug */ = {
			isa = XCBuildConfiguration;
			buildSettings = {
				BUNDLE_LOADER = "$(TEST_HOST)";
				CLANG_CXX_LANGUAGE_STANDARD = "gnu++20";
				CODE_SIGN_STYLE = Automatic;
				CURRENT_PROJECT_VERSION = 1;
				DEVELOPMENT_TEAM = 8B3RT7D582;
				GENERATE_INFOPLIST_FILE = YES;
				IPHONEOS_DEPLOYMENT_TARGET = 16.4;
				MARKETING_VERSION = 1.0;
				PRODUCT_BUNDLE_IDENTIFIER = jaewoong.BJGGTests;
				PRODUCT_NAME = "$(TARGET_NAME)";
				SWIFT_EMIT_LOC_STRINGS = NO;
				SWIFT_VERSION = 5.0;
				TARGETED_DEVICE_FAMILY = "1,2";
				TEST_HOST = "$(BUILT_PRODUCTS_DIR)/BJGG.app/$(BUNDLE_EXECUTABLE_FOLDER_PATH)/BJGG";
			};
			name = Debug;
		};
		0665791D2A714BC700AA3852 /* Release */ = {
			isa = XCBuildConfiguration;
			buildSettings = {
				BUNDLE_LOADER = "$(TEST_HOST)";
				CLANG_CXX_LANGUAGE_STANDARD = "gnu++20";
				CODE_SIGN_STYLE = Automatic;
				CURRENT_PROJECT_VERSION = 1;
				DEVELOPMENT_TEAM = 8B3RT7D582;
				GENERATE_INFOPLIST_FILE = YES;
				IPHONEOS_DEPLOYMENT_TARGET = 16.4;
				MARKETING_VERSION = 1.0;
				PRODUCT_BUNDLE_IDENTIFIER = jaewoong.BJGGTests;
				PRODUCT_NAME = "$(TARGET_NAME)";
				SWIFT_EMIT_LOC_STRINGS = NO;
				SWIFT_VERSION = 5.0;
				TARGETED_DEVICE_FAMILY = "1,2";
				TEST_HOST = "$(BUILT_PRODUCTS_DIR)/BJGG.app/$(BUNDLE_EXECUTABLE_FOLDER_PATH)/BJGG";
			};
			name = Release;
		};
		55CB0AB628BA4FA10045644C /* Debug */ = {
			isa = XCBuildConfiguration;
			buildSettings = {
				ALWAYS_SEARCH_USER_PATHS = NO;
				CLANG_ANALYZER_NONNULL = YES;
				CLANG_ANALYZER_NUMBER_OBJECT_CONVERSION = YES_AGGRESSIVE;
				CLANG_CXX_LANGUAGE_STANDARD = "gnu++17";
				CLANG_ENABLE_MODULES = YES;
				CLANG_ENABLE_OBJC_ARC = YES;
				CLANG_ENABLE_OBJC_WEAK = YES;
				CLANG_WARN_BLOCK_CAPTURE_AUTORELEASING = YES;
				CLANG_WARN_BOOL_CONVERSION = YES;
				CLANG_WARN_COMMA = YES;
				CLANG_WARN_CONSTANT_CONVERSION = YES;
				CLANG_WARN_DEPRECATED_OBJC_IMPLEMENTATIONS = YES;
				CLANG_WARN_DIRECT_OBJC_ISA_USAGE = YES_ERROR;
				CLANG_WARN_DOCUMENTATION_COMMENTS = YES;
				CLANG_WARN_EMPTY_BODY = YES;
				CLANG_WARN_ENUM_CONVERSION = YES;
				CLANG_WARN_INFINITE_RECURSION = YES;
				CLANG_WARN_INT_CONVERSION = YES;
				CLANG_WARN_NON_LITERAL_NULL_CONVERSION = YES;
				CLANG_WARN_OBJC_IMPLICIT_RETAIN_SELF = YES;
				CLANG_WARN_OBJC_LITERAL_CONVERSION = YES;
				CLANG_WARN_OBJC_ROOT_CLASS = YES_ERROR;
				CLANG_WARN_QUOTED_INCLUDE_IN_FRAMEWORK_HEADER = YES;
				CLANG_WARN_RANGE_LOOP_ANALYSIS = YES;
				CLANG_WARN_STRICT_PROTOTYPES = YES;
				CLANG_WARN_SUSPICIOUS_MOVE = YES;
				CLANG_WARN_UNGUARDED_AVAILABILITY = YES_AGGRESSIVE;
				CLANG_WARN_UNREACHABLE_CODE = YES;
				CLANG_WARN__DUPLICATE_METHOD_MATCH = YES;
				COPY_PHASE_STRIP = NO;
				DEBUG_INFORMATION_FORMAT = dwarf;
				ENABLE_STRICT_OBJC_MSGSEND = YES;
				ENABLE_TESTABILITY = YES;
				GCC_C_LANGUAGE_STANDARD = gnu11;
				GCC_DYNAMIC_NO_PIC = NO;
				GCC_NO_COMMON_BLOCKS = YES;
				GCC_OPTIMIZATION_LEVEL = 0;
				GCC_PREPROCESSOR_DEFINITIONS = (
					"DEBUG=1",
					"$(inherited)",
				);
				GCC_WARN_64_TO_32_BIT_CONVERSION = YES;
				GCC_WARN_ABOUT_RETURN_TYPE = YES_ERROR;
				GCC_WARN_UNDECLARED_SELECTOR = YES;
				GCC_WARN_UNINITIALIZED_AUTOS = YES_AGGRESSIVE;
				GCC_WARN_UNUSED_FUNCTION = YES;
				GCC_WARN_UNUSED_VARIABLE = YES;
				IPHONEOS_DEPLOYMENT_TARGET = 15.5;
				MTL_ENABLE_DEBUG_INFO = INCLUDE_SOURCE;
				MTL_FAST_MATH = YES;
				ONLY_ACTIVE_ARCH = YES;
				SDKROOT = iphoneos;
				SWIFT_ACTIVE_COMPILATION_CONDITIONS = DEBUG;
				SWIFT_OPTIMIZATION_LEVEL = "-Onone";
			};
			name = Debug;
		};
		55CB0AB728BA4FA10045644C /* Release */ = {
			isa = XCBuildConfiguration;
			buildSettings = {
				ALWAYS_SEARCH_USER_PATHS = NO;
				CLANG_ANALYZER_NONNULL = YES;
				CLANG_ANALYZER_NUMBER_OBJECT_CONVERSION = YES_AGGRESSIVE;
				CLANG_CXX_LANGUAGE_STANDARD = "gnu++17";
				CLANG_ENABLE_MODULES = YES;
				CLANG_ENABLE_OBJC_ARC = YES;
				CLANG_ENABLE_OBJC_WEAK = YES;
				CLANG_WARN_BLOCK_CAPTURE_AUTORELEASING = YES;
				CLANG_WARN_BOOL_CONVERSION = YES;
				CLANG_WARN_COMMA = YES;
				CLANG_WARN_CONSTANT_CONVERSION = YES;
				CLANG_WARN_DEPRECATED_OBJC_IMPLEMENTATIONS = YES;
				CLANG_WARN_DIRECT_OBJC_ISA_USAGE = YES_ERROR;
				CLANG_WARN_DOCUMENTATION_COMMENTS = YES;
				CLANG_WARN_EMPTY_BODY = YES;
				CLANG_WARN_ENUM_CONVERSION = YES;
				CLANG_WARN_INFINITE_RECURSION = YES;
				CLANG_WARN_INT_CONVERSION = YES;
				CLANG_WARN_NON_LITERAL_NULL_CONVERSION = YES;
				CLANG_WARN_OBJC_IMPLICIT_RETAIN_SELF = YES;
				CLANG_WARN_OBJC_LITERAL_CONVERSION = YES;
				CLANG_WARN_OBJC_ROOT_CLASS = YES_ERROR;
				CLANG_WARN_QUOTED_INCLUDE_IN_FRAMEWORK_HEADER = YES;
				CLANG_WARN_RANGE_LOOP_ANALYSIS = YES;
				CLANG_WARN_STRICT_PROTOTYPES = YES;
				CLANG_WARN_SUSPICIOUS_MOVE = YES;
				CLANG_WARN_UNGUARDED_AVAILABILITY = YES_AGGRESSIVE;
				CLANG_WARN_UNREACHABLE_CODE = YES;
				CLANG_WARN__DUPLICATE_METHOD_MATCH = YES;
				COPY_PHASE_STRIP = NO;
				DEBUG_INFORMATION_FORMAT = "dwarf-with-dsym";
				ENABLE_NS_ASSERTIONS = NO;
				ENABLE_STRICT_OBJC_MSGSEND = YES;
				GCC_C_LANGUAGE_STANDARD = gnu11;
				GCC_NO_COMMON_BLOCKS = YES;
				GCC_WARN_64_TO_32_BIT_CONVERSION = YES;
				GCC_WARN_ABOUT_RETURN_TYPE = YES_ERROR;
				GCC_WARN_UNDECLARED_SELECTOR = YES;
				GCC_WARN_UNINITIALIZED_AUTOS = YES_AGGRESSIVE;
				GCC_WARN_UNUSED_FUNCTION = YES;
				GCC_WARN_UNUSED_VARIABLE = YES;
				IPHONEOS_DEPLOYMENT_TARGET = 15.5;
				MTL_ENABLE_DEBUG_INFO = NO;
				MTL_FAST_MATH = YES;
				SDKROOT = iphoneos;
				SWIFT_COMPILATION_MODE = wholemodule;
				SWIFT_OPTIMIZATION_LEVEL = "-O";
				VALIDATE_PRODUCT = YES;
			};
			name = Release;
		};
		55CB0AB928BA4FA10045644C /* Debug */ = {
			isa = XCBuildConfiguration;
			buildSettings = {
				ASSETCATALOG_COMPILER_APPICON_NAME = AppIcon;
				ASSETCATALOG_COMPILER_GLOBAL_ACCENT_COLOR_NAME = AccentColor;
				CODE_SIGN_STYLE = Automatic;
				CURRENT_PROJECT_VERSION = 1;
				DEVELOPMENT_TEAM = UAM52RQFW9;
				GENERATE_INFOPLIST_FILE = YES;
				INFOPLIST_FILE = BJGG/Info.plist;
				INFOPLIST_KEY_CFBundleDisplayName = "빠지가까";
				INFOPLIST_KEY_LSApplicationCategoryType = "";
				INFOPLIST_KEY_UIApplicationSupportsIndirectInputEvents = YES;
				INFOPLIST_KEY_UILaunchStoryboardName = LaunchScreen;
				INFOPLIST_KEY_UISupportedInterfaceOrientations_iPad = "UIInterfaceOrientationPortrait UIInterfaceOrientationPortraitUpsideDown UIInterfaceOrientationLandscapeLeft UIInterfaceOrientationLandscapeRight";
				INFOPLIST_KEY_UISupportedInterfaceOrientations_iPhone = "UIInterfaceOrientationPortrait UIInterfaceOrientationLandscapeLeft UIInterfaceOrientationLandscapeRight";
				LD_RUNPATH_SEARCH_PATHS = (
					"$(inherited)",
					"@executable_path/Frameworks",
				);
				MARKETING_VERSION = 1.0;
				PRODUCT_BUNDLE_IDENTIFIER = com.curry.BJGG;
				PRODUCT_NAME = "$(TARGET_NAME)";
				SUPPORTED_PLATFORMS = "iphoneos iphonesimulator";
				SUPPORTS_MACCATALYST = NO;
				SUPPORTS_MAC_DESIGNED_FOR_IPHONE_IPAD = YES;
				SWIFT_EMIT_LOC_STRINGS = YES;
				SWIFT_VERSION = 5.0;
				TARGETED_DEVICE_FAMILY = 1;
			};
			name = Debug;
		};
		55CB0ABA28BA4FA10045644C /* Release */ = {
			isa = XCBuildConfiguration;
			buildSettings = {
				ASSETCATALOG_COMPILER_APPICON_NAME = AppIcon;
				ASSETCATALOG_COMPILER_GLOBAL_ACCENT_COLOR_NAME = AccentColor;
				CODE_SIGN_STYLE = Automatic;
				CURRENT_PROJECT_VERSION = 1;
				DEVELOPMENT_TEAM = UAM52RQFW9;
				GENERATE_INFOPLIST_FILE = YES;
				INFOPLIST_FILE = BJGG/Info.plist;
				INFOPLIST_KEY_CFBundleDisplayName = "빠지가까";
				INFOPLIST_KEY_LSApplicationCategoryType = "";
				INFOPLIST_KEY_UIApplicationSupportsIndirectInputEvents = YES;
				INFOPLIST_KEY_UILaunchStoryboardName = LaunchScreen;
				INFOPLIST_KEY_UISupportedInterfaceOrientations_iPad = "UIInterfaceOrientationPortrait UIInterfaceOrientationPortraitUpsideDown UIInterfaceOrientationLandscapeLeft UIInterfaceOrientationLandscapeRight";
				INFOPLIST_KEY_UISupportedInterfaceOrientations_iPhone = "UIInterfaceOrientationPortrait UIInterfaceOrientationLandscapeLeft UIInterfaceOrientationLandscapeRight";
				LD_RUNPATH_SEARCH_PATHS = (
					"$(inherited)",
					"@executable_path/Frameworks",
				);
				MARKETING_VERSION = 1.0;
				PRODUCT_BUNDLE_IDENTIFIER = com.curry.BJGG;
				PRODUCT_NAME = "$(TARGET_NAME)";
				SUPPORTED_PLATFORMS = "iphoneos iphonesimulator";
				SUPPORTS_MACCATALYST = NO;
				SUPPORTS_MAC_DESIGNED_FOR_IPHONE_IPAD = YES;
				SWIFT_EMIT_LOC_STRINGS = YES;
				SWIFT_VERSION = 5.0;
				TARGETED_DEVICE_FAMILY = 1;
			};
			name = Release;
		};
/* End XCBuildConfiguration section */

/* Begin XCConfigurationList section */
		0665791B2A714BC700AA3852 /* Build configuration list for PBXNativeTarget "BJGGTests" */ = {
			isa = XCConfigurationList;
			buildConfigurations = (
				0665791C2A714BC700AA3852 /* Debug */,
				0665791D2A714BC700AA3852 /* Release */,
			);
			defaultConfigurationIsVisible = 0;
			defaultConfigurationName = Release;
		};
		55CB0A9F28BA4F9F0045644C /* Build configuration list for PBXProject "BJGG" */ = {
			isa = XCConfigurationList;
			buildConfigurations = (
				55CB0AB628BA4FA10045644C /* Debug */,
				55CB0AB728BA4FA10045644C /* Release */,
			);
			defaultConfigurationIsVisible = 0;
			defaultConfigurationName = Release;
		};
		55CB0AB828BA4FA10045644C /* Build configuration list for PBXNativeTarget "BJGG" */ = {
			isa = XCConfigurationList;
			buildConfigurations = (
				55CB0AB928BA4FA10045644C /* Debug */,
				55CB0ABA28BA4FA10045644C /* Release */,
			);
			defaultConfigurationIsVisible = 0;
			defaultConfigurationName = Release;
		};
/* End XCConfigurationList section */

/* Begin XCRemoteSwiftPackageReference section */
		3A53021429DC26CA00888CFA /* XCRemoteSwiftPackageReference "CombineCocoa" */ = {
			isa = XCRemoteSwiftPackageReference;
			repositoryURL = "https://github.com/CombineCommunity/CombineCocoa";
			requirement = {
				branch = main;
				kind = branch;
			};
		};
		3A7E3BD828D739CF00F6416A /* XCRemoteSwiftPackageReference "SnapKit" */ = {
			isa = XCRemoteSwiftPackageReference;
			repositoryURL = "https://github.com/SnapKit/SnapKit";
			requirement = {
				branch = develop;
				kind = branch;
			};
		};
/* End XCRemoteSwiftPackageReference section */

/* Begin XCSwiftPackageProductDependency section */
		066579A62A77F50A00AA3852 /* CombineCocoa */ = {
			isa = XCSwiftPackageProductDependency;
			package = 3A53021429DC26CA00888CFA /* XCRemoteSwiftPackageReference "CombineCocoa" */;
			productName = CombineCocoa;
		};
		3A53021529DC26CA00888CFA /* CombineCocoa */ = {
			isa = XCSwiftPackageProductDependency;
			package = 3A53021429DC26CA00888CFA /* XCRemoteSwiftPackageReference "CombineCocoa" */;
			productName = CombineCocoa;
		};
		3A7E3BD928D739CF00F6416A /* SnapKit */ = {
			isa = XCSwiftPackageProductDependency;
			package = 3A7E3BD828D739CF00F6416A /* XCRemoteSwiftPackageReference "SnapKit" */;
			productName = SnapKit;
		};
/* End XCSwiftPackageProductDependency section */
	};
	rootObject = 55CB0A9C28BA4F9F0045644C /* Project object */;
}
